// !$*UTF8*$!
{
	archiveVersion = 1;
	classes = {
	};
	objectVersion = 46;
	objects = {

/* Begin PBXBuildFile section */
		D501800218FC22BA0069E681 /* AiPlayerViewControl.xib in Resources */ = {isa = PBXBuildFile; fileRef = D501800118FC22BA0069E681 /* AiPlayerViewControl.xib */; };
		D501800F18FC23220069E681 /* videos@2x.png in Resources */ = {isa = PBXBuildFile; fileRef = D501800418FC23220069E681 /* videos@2x.png */; };
		D501801018FC23220069E681 /* videos_select@2x.png in Resources */ = {isa = PBXBuildFile; fileRef = D501800518FC23220069E681 /* videos_select@2x.png */; };
		D501801118FC23220069E681 /* videoList_background@2x.png in Resources */ = {isa = PBXBuildFile; fileRef = D501800618FC23220069E681 /* videoList_background@2x.png */; };
		D501801218FC23220069E681 /* player_tabbar@2x.png in Resources */ = {isa = PBXBuildFile; fileRef = D501800718FC23220069E681 /* player_tabbar@2x.png */; };
		D501801318FC23220069E681 /* play@2x.png in Resources */ = {isa = PBXBuildFile; fileRef = D501800818FC23220069E681 /* play@2x.png */; };
		D501801418FC23220069E681 /* pause@2x.png in Resources */ = {isa = PBXBuildFile; fileRef = D501800918FC23220069E681 /* pause@2x.png */; };
		D501801518FC23220069E681 /* back@2x.png in Resources */ = {isa = PBXBuildFile; fileRef = D501800A18FC23220069E681 /* back@2x.png */; };
		D501801618FC23220069E681 /* slider_point@2x.png in Resources */ = {isa = PBXBuildFile; fileRef = D501800B18FC23220069E681 /* slider_point@2x.png */; };
		D501801818FC23220069E681 /* slider.png in Resources */ = {isa = PBXBuildFile; fileRef = D501800D18FC23220069E681 /* slider.png */; };
		D501801918FC23220069E681 /* player_bar@2x.png in Resources */ = {isa = PBXBuildFile; fileRef = D501800E18FC23220069E681 /* player_bar@2x.png */; };
		D501802018FC355F0069E681 /* like_select@2x.png in Resources */ = {isa = PBXBuildFile; fileRef = D501801E18FC355F0069E681 /* like_select@2x.png */; };
		D501802118FC355F0069E681 /* like@2x.png in Resources */ = {isa = PBXBuildFile; fileRef = D501801F18FC355F0069E681 /* like@2x.png */; };
		D501802418FC38C40069E681 /* video_current@2x.png in Resources */ = {isa = PBXBuildFile; fileRef = D501802218FC38C40069E681 /* video_current@2x.png */; };
		D501802518FC38C40069E681 /* video_frame@2x.png in Resources */ = {isa = PBXBuildFile; fileRef = D501802318FC38C40069E681 /* video_frame@2x.png */; };
		D5483C4218FD8FDD00D57A62 /* slider_background_max@2x.png in Resources */ = {isa = PBXBuildFile; fileRef = D5483C4118FD8FDD00D57A62 /* slider_background_max@2x.png */; };
		D592FDE618E9AD910073656D /* SwipeView.m in Sources */ = {isa = PBXBuildFile; fileRef = D592FDE518E9AD910073656D /* SwipeView.m */; };
		D5A4463518E2512800B95D22 /* Foundation.framework in Frameworks */ = {isa = PBXBuildFile; fileRef = D5A4463418E2512800B95D22 /* Foundation.framework */; };
		D5A4463718E2512800B95D22 /* CoreGraphics.framework in Frameworks */ = {isa = PBXBuildFile; fileRef = D5A4463618E2512800B95D22 /* CoreGraphics.framework */; };
		D5A4463918E2512800B95D22 /* UIKit.framework in Frameworks */ = {isa = PBXBuildFile; fileRef = D5A4463818E2512800B95D22 /* UIKit.framework */; };
		D5A4463F18E2512800B95D22 /* InfoPlist.strings in Resources */ = {isa = PBXBuildFile; fileRef = D5A4463D18E2512800B95D22 /* InfoPlist.strings */; };
		D5A4464118E2512800B95D22 /* main.m in Sources */ = {isa = PBXBuildFile; fileRef = D5A4464018E2512800B95D22 /* main.m */; };
		D5A4464518E2512800B95D22 /* AppDelegate.m in Sources */ = {isa = PBXBuildFile; fileRef = D5A4464418E2512800B95D22 /* AppDelegate.m */; };
		D5A4464818E2512800B95D22 /* Main_iPhone.storyboard in Resources */ = {isa = PBXBuildFile; fileRef = D5A4464618E2512800B95D22 /* Main_iPhone.storyboard */; };
		D5A4464B18E2512800B95D22 /* Main_iPad.storyboard in Resources */ = {isa = PBXBuildFile; fileRef = D5A4464918E2512800B95D22 /* Main_iPad.storyboard */; };
		D5A4464E18E2512800B95D22 /* AiFirstViewController.m in Sources */ = {isa = PBXBuildFile; fileRef = D5A4464D18E2512800B95D22 /* AiFirstViewController.m */; };
		D5A4465018E2512800B95D22 /* Images.xcassets in Resources */ = {isa = PBXBuildFile; fileRef = D5A4464F18E2512800B95D22 /* Images.xcassets */; };
		D5A4465718E2512800B95D22 /* XCTest.framework in Frameworks */ = {isa = PBXBuildFile; fileRef = D5A4465618E2512800B95D22 /* XCTest.framework */; };
		D5A4465818E2512800B95D22 /* Foundation.framework in Frameworks */ = {isa = PBXBuildFile; fileRef = D5A4463418E2512800B95D22 /* Foundation.framework */; };
		D5A4465918E2512800B95D22 /* UIKit.framework in Frameworks */ = {isa = PBXBuildFile; fileRef = D5A4463818E2512800B95D22 /* UIKit.framework */; };
		D5A4466118E2512800B95D22 /* InfoPlist.strings in Resources */ = {isa = PBXBuildFile; fileRef = D5A4465F18E2512800B95D22 /* InfoPlist.strings */; };
		D5A4466318E2512800B95D22 /* iBabyTests.m in Sources */ = {isa = PBXBuildFile; fileRef = D5A4466218E2512800B95D22 /* iBabyTests.m */; };
		D5A446C418E30F9100B95D22 /* AiGridView.m in Sources */ = {isa = PBXBuildFile; fileRef = D5A446C318E30F9100B95D22 /* AiGridView.m */; };
		D5A446C718E3135000B95D22 /* AiVideoObject.m in Sources */ = {isa = PBXBuildFile; fileRef = D5A446C618E3135000B95D22 /* AiVideoObject.m */; };
		D5A446CA18E3A07E00B95D22 /* 20090706065940.gif in Resources */ = {isa = PBXBuildFile; fileRef = D5A446C918E3A07E00B95D22 /* 20090706065940.gif */; };
		D5A4472018E45B5300B95D22 /* AFHTTPRequestOperation.m in Sources */ = {isa = PBXBuildFile; fileRef = D5A446CD18E45B5200B95D22 /* AFHTTPRequestOperation.m */; };
		D5A4472118E45B5300B95D22 /* AFHTTPRequestOperationManager.m in Sources */ = {isa = PBXBuildFile; fileRef = D5A446CF18E45B5200B95D22 /* AFHTTPRequestOperationManager.m */; };
		D5A4472218E45B5300B95D22 /* AFHTTPSessionManager.m in Sources */ = {isa = PBXBuildFile; fileRef = D5A446D118E45B5200B95D22 /* AFHTTPSessionManager.m */; };
		D5A4472318E45B5300B95D22 /* AFNetworkReachabilityManager.m in Sources */ = {isa = PBXBuildFile; fileRef = D5A446D418E45B5200B95D22 /* AFNetworkReachabilityManager.m */; };
		D5A4472418E45B5300B95D22 /* AFSecurityPolicy.m in Sources */ = {isa = PBXBuildFile; fileRef = D5A446D618E45B5200B95D22 /* AFSecurityPolicy.m */; };
		D5A4472518E45B5300B95D22 /* AFURLConnectionOperation.m in Sources */ = {isa = PBXBuildFile; fileRef = D5A446D818E45B5200B95D22 /* AFURLConnectionOperation.m */; };
		D5A4472618E45B5300B95D22 /* AFURLRequestSerialization.m in Sources */ = {isa = PBXBuildFile; fileRef = D5A446DA18E45B5200B95D22 /* AFURLRequestSerialization.m */; };
		D5A4472718E45B5300B95D22 /* AFURLResponseSerialization.m in Sources */ = {isa = PBXBuildFile; fileRef = D5A446DC18E45B5200B95D22 /* AFURLResponseSerialization.m */; };
		D5A4472818E45B5300B95D22 /* AFURLSessionManager.m in Sources */ = {isa = PBXBuildFile; fileRef = D5A446DE18E45B5200B95D22 /* AFURLSessionManager.m */; };
		D5A4472918E45B5300B95D22 /* UIImageView+AFNetworking.m in Sources */ = {isa = PBXBuildFile; fileRef = D5A446E018E45B5200B95D22 /* UIImageView+AFNetworking.m */; };
		D5A4472A18E45B5300B95D22 /* README in Resources */ = {isa = PBXBuildFile; fileRef = D5A446E218E45B5200B95D22 /* README */; };
		D5A4472B18E45B5300B95D22 /* TBinaryProtocol.m in Sources */ = {isa = PBXBuildFile; fileRef = D5A446E718E45B5200B95D22 /* TBinaryProtocol.m */; };
		D5A4472C18E45B5300B95D22 /* TMultiplexedProtocol.m in Sources */ = {isa = PBXBuildFile; fileRef = D5A446E918E45B5200B95D22 /* TMultiplexedProtocol.m */; };
		D5A4472D18E45B5300B95D22 /* TProtocolDecorator.m in Sources */ = {isa = PBXBuildFile; fileRef = D5A446EC18E45B5200B95D22 /* TProtocolDecorator.m */; };
		D5A4472E18E45B5300B95D22 /* TProtocolException.m in Sources */ = {isa = PBXBuildFile; fileRef = D5A446EE18E45B5200B95D22 /* TProtocolException.m */; };
		D5A4472F18E45B5300B95D22 /* TProtocolUtil.m in Sources */ = {isa = PBXBuildFile; fileRef = D5A446F118E45B5200B95D22 /* TProtocolUtil.m */; };
		D5A4473018E45B5300B95D22 /* TSocketServer.m in Sources */ = {isa = PBXBuildFile; fileRef = D5A446F418E45B5200B95D22 /* TSocketServer.m */; };
		D5A4473118E45B5300B95D22 /* TApplicationException.m in Sources */ = {isa = PBXBuildFile; fileRef = D5A446F618E45B5200B95D22 /* TApplicationException.m */; };
		D5A4473218E45B5300B95D22 /* TException.m in Sources */ = {isa = PBXBuildFile; fileRef = D5A446F818E45B5200B95D22 /* TException.m */; };
		D5A4473318E45B5300B95D22 /* TFramedTransport.m in Sources */ = {isa = PBXBuildFile; fileRef = D5A446FE18E45B5200B95D22 /* TFramedTransport.m */; };
		D5A4473418E45B5300B95D22 /* THTTPClient.m in Sources */ = {isa = PBXBuildFile; fileRef = D5A4470018E45B5200B95D22 /* THTTPClient.m */; };
		D5A4473518E45B5300B95D22 /* TMemoryBuffer.m in Sources */ = {isa = PBXBuildFile; fileRef = D5A4470218E45B5200B95D22 /* TMemoryBuffer.m */; };
		D5A4473618E45B5300B95D22 /* TNSFileHandleTransport.m in Sources */ = {isa = PBXBuildFile; fileRef = D5A4470418E45B5200B95D22 /* TNSFileHandleTransport.m */; };
		D5A4473718E45B5300B95D22 /* TNSStreamTransport.m in Sources */ = {isa = PBXBuildFile; fileRef = D5A4470618E45B5200B95D22 /* TNSStreamTransport.m */; };
		D5A4473818E45B5300B95D22 /* TSocketClient.m in Sources */ = {isa = PBXBuildFile; fileRef = D5A4470818E45B5200B95D22 /* TSocketClient.m */; };
		D5A4473918E45B5300B95D22 /* TTransportException.m in Sources */ = {isa = PBXBuildFile; fileRef = D5A4470B18E45B5200B95D22 /* TTransportException.m */; };
		D5A4473A18E45B5300B95D22 /* TSharedProcessorFactory.m in Sources */ = {isa = PBXBuildFile; fileRef = D5A4470D18E45B5200B95D22 /* TSharedProcessorFactory.m */; };
		D5A4473B18E45B5300B95D22 /* AiThriftManager.m in Sources */ = {isa = PBXBuildFile; fileRef = D5A4470F18E45B5200B95D22 /* AiThriftManager.m */; };
		D5A4473C18E45B5300B95D22 /* CHANGELOG.md in Resources */ = {isa = PBXBuildFile; fileRef = D5A4471118E45B5200B95D22 /* CHANGELOG.md */; };
		D5A4473D18E45B5300B95D22 /* JSONKit.m in Sources */ = {isa = PBXBuildFile; fileRef = D5A4471318E45B5200B95D22 /* JSONKit.m */; settings = {COMPILER_FLAGS = "-fno-objc-arc"; }; };
		D5A4473E18E45B5300B95D22 /* README.md in Resources */ = {isa = PBXBuildFile; fileRef = D5A4471418E45B5200B95D22 /* README.md */; };
		D5A4473F18E45B5300B95D22 /* shy_client_server.m in Sources */ = {isa = PBXBuildFile; fileRef = D5A4471618E45B5200B95D22 /* shy_client_server.m */; };
		D5A4474018E45B5300B95D22 /* UMCache.m in Sources */ = {isa = PBXBuildFile; fileRef = D5A4471918E45B5300B95D22 /* UMCache.m */; settings = {COMPILER_FLAGS = "-fno-objc-arc"; }; };
		D5A4474118E45B5300B95D22 /* UMImageLoadConnection.m in Sources */ = {isa = PBXBuildFile; fileRef = D5A4471B18E45B5300B95D22 /* UMImageLoadConnection.m */; settings = {COMPILER_FLAGS = "-fno-objc-arc"; }; };
		D5A4474218E45B5300B95D22 /* UMImageLoader.m in Sources */ = {isa = PBXBuildFile; fileRef = D5A4471D18E45B5300B95D22 /* UMImageLoader.m */; settings = {COMPILER_FLAGS = "-fno-objc-arc"; }; };
		D5A4474318E45B5300B95D22 /* UMImageView.m in Sources */ = {isa = PBXBuildFile; fileRef = D5A4471F18E45B5300B95D22 /* UMImageView.m */; settings = {COMPILER_FLAGS = "-fno-objc-arc"; }; };
		D5A4474618E45DA600B95D22 /* AiPlayerViewController.m in Sources */ = {isa = PBXBuildFile; fileRef = D5A4474518E45DA600B95D22 /* AiPlayerViewController.m */; };
		D5A4474D18E463EA00B95D22 /* AiDataRequestManager.m in Sources */ = {isa = PBXBuildFile; fileRef = D5A4474C18E463EA00B95D22 /* AiDataRequestManager.m */; };
		D5A44A6B18E66C4F00B95D22 /* MZFormSheetBackgroundWindow.m in Sources */ = {isa = PBXBuildFile; fileRef = D5A44A5E18E66C4F00B95D22 /* MZFormSheetBackgroundWindow.m */; };
		D5A44A6C18E66C4F00B95D22 /* MZFormSheetBackgroundWindowViewController.m in Sources */ = {isa = PBXBuildFile; fileRef = D5A44A6018E66C4F00B95D22 /* MZFormSheetBackgroundWindowViewController.m */; };
		D5A44A6D18E66C4F00B95D22 /* MZFormSheetController.m in Sources */ = {isa = PBXBuildFile; fileRef = D5A44A6218E66C4F00B95D22 /* MZFormSheetController.m */; };
		D5A44A6E18E66C4F00B95D22 /* MZFormSheetSegue.m in Sources */ = {isa = PBXBuildFile; fileRef = D5A44A6418E66C4F00B95D22 /* MZFormSheetSegue.m */; };
		D5A44A6F18E66C4F00B95D22 /* MZTransition.m in Sources */ = {isa = PBXBuildFile; fileRef = D5A44A6618E66C4F00B95D22 /* MZTransition.m */; };
		D5A44A7018E66C4F00B95D22 /* UIImage+Additional.m in Sources */ = {isa = PBXBuildFile; fileRef = D5A44A6818E66C4F00B95D22 /* UIImage+Additional.m */; };
		D5A44A7118E66C4F00B95D22 /* UIViewController+TargetViewController.m in Sources */ = {isa = PBXBuildFile; fileRef = D5A44A6A18E66C4F00B95D22 /* UIViewController+TargetViewController.m */; };
		D5A44A7618E66CDC00B95D22 /* MZAppearance.m in Sources */ = {isa = PBXBuildFile; fileRef = D5A44A7318E66CDC00B95D22 /* MZAppearance.m */; };
		D5A44A7718E66CDC00B95D22 /* NSInvocation+Copy.m in Sources */ = {isa = PBXBuildFile; fileRef = D5A44A7518E66CDC00B95D22 /* NSInvocation+Copy.m */; };
		D5A44A7A18E673C800B95D22 /* AiSearchViewController.m in Sources */ = {isa = PBXBuildFile; fileRef = D5A44A7918E673C800B95D22 /* AiSearchViewController.m */; };
		D5A44A8618E6BB0400B95D22 /* EGODatabase.m in Sources */ = {isa = PBXBuildFile; fileRef = D5A44A7D18E6BB0400B95D22 /* EGODatabase.m */; };
		D5A44A8718E6BB0400B95D22 /* EGODatabaseRequest.m in Sources */ = {isa = PBXBuildFile; fileRef = D5A44A7F18E6BB0400B95D22 /* EGODatabaseRequest.m */; };
		D5A44A8818E6BB0400B95D22 /* EGODatabaseResult.m in Sources */ = {isa = PBXBuildFile; fileRef = D5A44A8118E6BB0400B95D22 /* EGODatabaseResult.m */; };
		D5A44A8918E6BB0400B95D22 /* EGODatabaseRow.m in Sources */ = {isa = PBXBuildFile; fileRef = D5A44A8418E6BB0400B95D22 /* EGODatabaseRow.m */; };
		D5A44A8B18E6BB4900B95D22 /* libsqlite3.dylib in Frameworks */ = {isa = PBXBuildFile; fileRef = D5A44A8A18E6BB4900B95D22 /* libsqlite3.dylib */; };
		D5A44A8E18E6BC7200B95D22 /* AiDataBaseManager.m in Sources */ = {isa = PBXBuildFile; fileRef = D5A44A8D18E6BC7200B95D22 /* AiDataBaseManager.m */; };
		D5A44A9518E6D4C300B95D22 /* AiHistoryViewController.m in Sources */ = {isa = PBXBuildFile; fileRef = D5A44A9418E6D4C300B95D22 /* AiHistoryViewController.m */; };
		D5A44A9618E6DEF800B95D22 /* database.db in Resources */ = {isa = PBXBuildFile; fileRef = D5A44A8F18E6CBF100B95D22 /* database.db */; };
		D5A44AA718E6F7A500B95D22 /* background@2x.png in Resources */ = {isa = PBXBuildFile; fileRef = D5A44A9818E6F7A500B95D22 /* background@2x.png */; };
		D5A44AA818E6F7A500B95D22 /* fengzheng@2x.png in Resources */ = {isa = PBXBuildFile; fileRef = D5A44A9918E6F7A500B95D22 /* fengzheng@2x.png */; };
		D5A44AA918E6F7A500B95D22 /* haixing@2x.png in Resources */ = {isa = PBXBuildFile; fileRef = D5A44A9A18E6F7A500B95D22 /* haixing@2x.png */; };
		D5A44AAA18E6F7A500B95D22 /* mifeng@2x.png in Resources */ = {isa = PBXBuildFile; fileRef = D5A44A9B18E6F7A500B95D22 /* mifeng@2x.png */; };
		D5A44AAB18E6F7A500B95D22 /* panxie@2x.png in Resources */ = {isa = PBXBuildFile; fileRef = D5A44A9C18E6F7A500B95D22 /* panxie@2x.png */; };
		D5A44AAC18E6F7A500B95D22 /* shizhong@2x.png in Resources */ = {isa = PBXBuildFile; fileRef = D5A44A9D18E6F7A500B95D22 /* shizhong@2x.png */; };
		D5A44AAD18E6F7A500B95D22 /* shu@2x.png in Resources */ = {isa = PBXBuildFile; fileRef = D5A44A9E18E6F7A500B95D22 /* shu@2x.png */; };
		D5A44AAE18E6F7A500B95D22 /* sun@2x.png in Resources */ = {isa = PBXBuildFile; fileRef = D5A44A9F18E6F7A500B95D22 /* sun@2x.png */; };
		D5A44AAF18E6F7A500B95D22 /* tizhi@2x.png in Resources */ = {isa = PBXBuildFile; fileRef = D5A44AA018E6F7A500B95D22 /* tizhi@2x.png */; };
		D5A44AB018E6F7A500B95D22 /* wugui@2x.png in Resources */ = {isa = PBXBuildFile; fileRef = D5A44AA118E6F7A500B95D22 /* wugui@2x.png */; };
		D5A44AB218E6F7A500B95D22 /* xianhua@2x.png in Resources */ = {isa = PBXBuildFile; fileRef = D5A44AA318E6F7A500B95D22 /* xianhua@2x.png */; };
		D5A44AB318E6F7A500B95D22 /* xiaohai@2x.png in Resources */ = {isa = PBXBuildFile; fileRef = D5A44AA418E6F7A500B95D22 /* xiaohai@2x.png */; };
		D5A44AB418E6F7A500B95D22 /* xiaoniao@2x.png in Resources */ = {isa = PBXBuildFile; fileRef = D5A44AA518E6F7A500B95D22 /* xiaoniao@2x.png */; };
		D5A44AB518E6F7A500B95D22 /* xiaoyu@2x.png in Resources */ = {isa = PBXBuildFile; fileRef = D5A44AA618E6F7A500B95D22 /* xiaoyu@2x.png */; };
		D5A44AB718E70E5700B95D22 /* fadajing@2x.png in Resources */ = {isa = PBXBuildFile; fileRef = D5A44AB618E70E5700B95D22 /* fadajing@2x.png */; };
		D5A44AB918E7174A00B95D22 /* AiVIdeoPlayerManager.m in Sources */ = {isa = PBXBuildFile; fileRef = D5A44AB818E7174A00B95D22 /* AiVIdeoPlayerManager.m */; };
		D5A44ABC18E7FD9F00B95D22 /* blueArrow.png in Resources */ = {isa = PBXBuildFile; fileRef = D5A44ABA18E7FD9F00B95D22 /* blueArrow.png */; };
		D5A44ABD18E7FD9F00B95D22 /* blueArrow@2x.png in Resources */ = {isa = PBXBuildFile; fileRef = D5A44ABB18E7FD9F00B95D22 /* blueArrow@2x.png */; };
		D5A44AC118E808A600B95D22 /* AiGridViewController.m in Sources */ = {isa = PBXBuildFile; fileRef = D5A44AC018E808A600B95D22 /* AiGridViewController.m */; };
		D5A44ACA18E8698700B95D22 /* hist_popup@2x.png in Resources */ = {isa = PBXBuildFile; fileRef = D5A44AC418E8698700B95D22 /* hist_popup@2x.png */; };
		D5A44ACB18E8698700B95D22 /* search_bar_light@2x.png in Resources */ = {isa = PBXBuildFile; fileRef = D5A44AC518E8698700B95D22 /* search_bar_light@2x.png */; };
		D5A44ACC18E8698700B95D22 /* search_bar@2x.png in Resources */ = {isa = PBXBuildFile; fileRef = D5A44AC618E8698700B95D22 /* search_bar@2x.png */; };
		D5A44ACD18E8698700B95D22 /* search_popup@2x.png in Resources */ = {isa = PBXBuildFile; fileRef = D5A44AC718E8698700B95D22 /* search_popup@2x.png */; };
		D5A44ACE18E8698700B95D22 /* search_tool@2x.png in Resources */ = {isa = PBXBuildFile; fileRef = D5A44AC818E8698700B95D22 /* search_tool@2x.png */; };
		D5A44ACF18E8698700B95D22 /* setting_popup@2x.png in Resources */ = {isa = PBXBuildFile; fileRef = D5A44AC918E8698700B95D22 /* setting_popup@2x.png */; };
		D5CA6CC118F9344F0020E01A /* close@2x.png in Resources */ = {isa = PBXBuildFile; fileRef = D5CA6CBE18F9344F0020E01A /* close@2x.png */; };
		D5CA6CC218F9344F0020E01A /* item_normal@2x.png in Resources */ = {isa = PBXBuildFile; fileRef = D5CA6CBF18F9344F0020E01A /* item_normal@2x.png */; };
		D5CA6CC318F9344F0020E01A /* popup@2x.png in Resources */ = {isa = PBXBuildFile; fileRef = D5CA6CC018F9344F0020E01A /* popup@2x.png */; };
		D5CA6CC718F945E20020E01A /* panxie_select@2x.png in Resources */ = {isa = PBXBuildFile; fileRef = D5CA6CC418F945E20020E01A /* panxie_select@2x.png */; };
		D5CA6CC818F945E20020E01A /* wugui_select@2x.png in Resources */ = {isa = PBXBuildFile; fileRef = D5CA6CC518F945E20020E01A /* wugui_select@2x.png */; };
		D5CA6CC918F945E20020E01A /* xiaoyu_select@2x.png in Resources */ = {isa = PBXBuildFile; fileRef = D5CA6CC618F945E20020E01A /* xiaoyu_select@2x.png */; };
		D5CA6CCC18F9715C0020E01A /* searchField@2x.png in Resources */ = {isa = PBXBuildFile; fileRef = D5CA6CCA18F9715C0020E01A /* searchField@2x.png */; };
		D5CA6CCD18F9715C0020E01A /* searchIcon@2x.png in Resources */ = {isa = PBXBuildFile; fileRef = D5CA6CCB18F9715C0020E01A /* searchIcon@2x.png */; };
		D5FCFEC419021DA100C28AC3 /* slider_background_min@2x.png in Resources */ = {isa = PBXBuildFile; fileRef = D5FCFEC319021DA100C28AC3 /* slider_background_min@2x.png */; };
		D5FCFEC7190222C900C28AC3 /* icon.png in Resources */ = {isa = PBXBuildFile; fileRef = D5FCFEC5190222C900C28AC3 /* icon.png */; };
		D5FCFEC8190222C900C28AC3 /* icon@2x.png in Resources */ = {isa = PBXBuildFile; fileRef = D5FCFEC6190222C900C28AC3 /* icon@2x.png */; };
/* End PBXBuildFile section */

/* Begin PBXContainerItemProxy section */
		D5A4465A18E2512800B95D22 /* PBXContainerItemProxy */ = {
			isa = PBXContainerItemProxy;
			containerPortal = D5A4462918E2512800B95D22 /* Project object */;
			proxyType = 1;
			remoteGlobalIDString = D5A4463018E2512800B95D22;
			remoteInfo = iBaby;
		};
/* End PBXContainerItemProxy section */

/* Begin PBXFileReference section */
		D501800118FC22BA0069E681 /* AiPlayerViewControl.xib */ = {isa = PBXFileReference; fileEncoding = 4; lastKnownFileType = file.xib; path = AiPlayerViewControl.xib; sourceTree = "<group>"; };
		D501800418FC23220069E681 /* videos@2x.png */ = {isa = PBXFileReference; lastKnownFileType = image.png; path = "videos@2x.png"; sourceTree = "<group>"; };
		D501800518FC23220069E681 /* videos_select@2x.png */ = {isa = PBXFileReference; lastKnownFileType = image.png; path = "videos_select@2x.png"; sourceTree = "<group>"; };
		D501800618FC23220069E681 /* videoList_background@2x.png */ = {isa = PBXFileReference; lastKnownFileType = image.png; path = "videoList_background@2x.png"; sourceTree = "<group>"; };
		D501800718FC23220069E681 /* player_tabbar@2x.png */ = {isa = PBXFileReference; lastKnownFileType = image.png; path = "player_tabbar@2x.png"; sourceTree = "<group>"; };
		D501800818FC23220069E681 /* play@2x.png */ = {isa = PBXFileReference; lastKnownFileType = image.png; path = "play@2x.png"; sourceTree = "<group>"; };
		D501800918FC23220069E681 /* pause@2x.png */ = {isa = PBXFileReference; lastKnownFileType = image.png; path = "pause@2x.png"; sourceTree = "<group>"; };
		D501800A18FC23220069E681 /* back@2x.png */ = {isa = PBXFileReference; lastKnownFileType = image.png; path = "back@2x.png"; sourceTree = "<group>"; };
		D501800B18FC23220069E681 /* slider_point@2x.png */ = {isa = PBXFileReference; lastKnownFileType = image.png; path = "slider_point@2x.png"; sourceTree = "<group>"; };
		D501800D18FC23220069E681 /* slider.png */ = {isa = PBXFileReference; lastKnownFileType = image.png; path = slider.png; sourceTree = "<group>"; };
		D501800E18FC23220069E681 /* player_bar@2x.png */ = {isa = PBXFileReference; lastKnownFileType = image.png; path = "player_bar@2x.png"; sourceTree = "<group>"; };
		D501801E18FC355F0069E681 /* like_select@2x.png */ = {isa = PBXFileReference; lastKnownFileType = image.png; path = "like_select@2x.png"; sourceTree = "<group>"; };
		D501801F18FC355F0069E681 /* like@2x.png */ = {isa = PBXFileReference; lastKnownFileType = image.png; path = "like@2x.png"; sourceTree = "<group>"; };
		D501802218FC38C40069E681 /* video_current@2x.png */ = {isa = PBXFileReference; lastKnownFileType = image.png; path = "video_current@2x.png"; sourceTree = "<group>"; };
		D501802318FC38C40069E681 /* video_frame@2x.png */ = {isa = PBXFileReference; lastKnownFileType = image.png; path = "video_frame@2x.png"; sourceTree = "<group>"; };
		D5483C4118FD8FDD00D57A62 /* slider_background_max@2x.png */ = {isa = PBXFileReference; lastKnownFileType = image.png; path = "slider_background_max@2x.png"; sourceTree = "<group>"; };
		D592FDE418E9AD910073656D /* SwipeView.h */ = {isa = PBXFileReference; fileEncoding = 4; lastKnownFileType = sourcecode.c.h; path = SwipeView.h; sourceTree = "<group>"; };
		D592FDE518E9AD910073656D /* SwipeView.m */ = {isa = PBXFileReference; fileEncoding = 4; lastKnownFileType = sourcecode.c.objc; path = SwipeView.m; sourceTree = "<group>"; };
		D5A4463118E2512800B95D22 /* iBaby.app */ = {isa = PBXFileReference; explicitFileType = wrapper.application; includeInIndex = 0; path = iBaby.app; sourceTree = BUILT_PRODUCTS_DIR; };
		D5A4463418E2512800B95D22 /* Foundation.framework */ = {isa = PBXFileReference; lastKnownFileType = wrapper.framework; name = Foundation.framework; path = System/Library/Frameworks/Foundation.framework; sourceTree = SDKROOT; };
		D5A4463618E2512800B95D22 /* CoreGraphics.framework */ = {isa = PBXFileReference; lastKnownFileType = wrapper.framework; name = CoreGraphics.framework; path = System/Library/Frameworks/CoreGraphics.framework; sourceTree = SDKROOT; };
		D5A4463818E2512800B95D22 /* UIKit.framework */ = {isa = PBXFileReference; lastKnownFileType = wrapper.framework; name = UIKit.framework; path = System/Library/Frameworks/UIKit.framework; sourceTree = SDKROOT; };
		D5A4463C18E2512800B95D22 /* iBaby-Info.plist */ = {isa = PBXFileReference; lastKnownFileType = text.plist.xml; path = "iBaby-Info.plist"; sourceTree = "<group>"; };
		D5A4463E18E2512800B95D22 /* en */ = {isa = PBXFileReference; lastKnownFileType = text.plist.strings; name = en; path = en.lproj/InfoPlist.strings; sourceTree = "<group>"; };
		D5A4464018E2512800B95D22 /* main.m */ = {isa = PBXFileReference; lastKnownFileType = sourcecode.c.objc; path = main.m; sourceTree = "<group>"; };
		D5A4464218E2512800B95D22 /* iBaby-Prefix.pch */ = {isa = PBXFileReference; lastKnownFileType = sourcecode.c.h; path = "iBaby-Prefix.pch"; sourceTree = "<group>"; };
		D5A4464318E2512800B95D22 /* AppDelegate.h */ = {isa = PBXFileReference; lastKnownFileType = sourcecode.c.h; path = AppDelegate.h; sourceTree = "<group>"; };
		D5A4464418E2512800B95D22 /* AppDelegate.m */ = {isa = PBXFileReference; lastKnownFileType = sourcecode.c.objc; path = AppDelegate.m; sourceTree = "<group>"; };
		D5A4464718E2512800B95D22 /* Base */ = {isa = PBXFileReference; lastKnownFileType = file.storyboard; name = Base; path = Base.lproj/Main_iPhone.storyboard; sourceTree = "<group>"; };
		D5A4464A18E2512800B95D22 /* Base */ = {isa = PBXFileReference; lastKnownFileType = file.storyboard; name = Base; path = Base.lproj/Main_iPad.storyboard; sourceTree = "<group>"; };
		D5A4464C18E2512800B95D22 /* AiFirstViewController.h */ = {isa = PBXFileReference; lastKnownFileType = sourcecode.c.h; path = AiFirstViewController.h; sourceTree = "<group>"; };
		D5A4464D18E2512800B95D22 /* AiFirstViewController.m */ = {isa = PBXFileReference; lastKnownFileType = sourcecode.c.objc; path = AiFirstViewController.m; sourceTree = "<group>"; };
		D5A4464F18E2512800B95D22 /* Images.xcassets */ = {isa = PBXFileReference; lastKnownFileType = folder.assetcatalog; path = Images.xcassets; sourceTree = "<group>"; };
		D5A4465518E2512800B95D22 /* iBabyTests.xctest */ = {isa = PBXFileReference; explicitFileType = wrapper.cfbundle; includeInIndex = 0; path = iBabyTests.xctest; sourceTree = BUILT_PRODUCTS_DIR; };
		D5A4465618E2512800B95D22 /* XCTest.framework */ = {isa = PBXFileReference; lastKnownFileType = wrapper.framework; name = XCTest.framework; path = Library/Frameworks/XCTest.framework; sourceTree = DEVELOPER_DIR; };
		D5A4465E18E2512800B95D22 /* iBabyTests-Info.plist */ = {isa = PBXFileReference; lastKnownFileType = text.plist.xml; path = "iBabyTests-Info.plist"; sourceTree = "<group>"; };
		D5A4466018E2512800B95D22 /* en */ = {isa = PBXFileReference; lastKnownFileType = text.plist.strings; name = en; path = en.lproj/InfoPlist.strings; sourceTree = "<group>"; };
		D5A4466218E2512800B95D22 /* iBabyTests.m */ = {isa = PBXFileReference; lastKnownFileType = sourcecode.c.objc; path = iBabyTests.m; sourceTree = "<group>"; };
		D5A446C218E30F9100B95D22 /* AiGridView.h */ = {isa = PBXFileReference; fileEncoding = 4; lastKnownFileType = sourcecode.c.h; path = AiGridView.h; sourceTree = "<group>"; };
		D5A446C318E30F9100B95D22 /* AiGridView.m */ = {isa = PBXFileReference; fileEncoding = 4; lastKnownFileType = sourcecode.c.objc; path = AiGridView.m; sourceTree = "<group>"; };
		D5A446C518E3135000B95D22 /* AiVideoObject.h */ = {isa = PBXFileReference; fileEncoding = 4; lastKnownFileType = sourcecode.c.h; path = AiVideoObject.h; sourceTree = "<group>"; };
		D5A446C618E3135000B95D22 /* AiVideoObject.m */ = {isa = PBXFileReference; fileEncoding = 4; lastKnownFileType = sourcecode.c.objc; path = AiVideoObject.m; sourceTree = "<group>"; };
		D5A446C818E316B400B95D22 /* AiDefine.h */ = {isa = PBXFileReference; lastKnownFileType = sourcecode.c.h; path = AiDefine.h; sourceTree = "<group>"; };
		D5A446C918E3A07E00B95D22 /* 20090706065940.gif */ = {isa = PBXFileReference; lastKnownFileType = image.gif; path = 20090706065940.gif; sourceTree = "<group>"; };
		D5A446CC18E45B5200B95D22 /* AFHTTPRequestOperation.h */ = {isa = PBXFileReference; fileEncoding = 4; lastKnownFileType = sourcecode.c.h; path = AFHTTPRequestOperation.h; sourceTree = "<group>"; };
		D5A446CD18E45B5200B95D22 /* AFHTTPRequestOperation.m */ = {isa = PBXFileReference; fileEncoding = 4; lastKnownFileType = sourcecode.c.objc; path = AFHTTPRequestOperation.m; sourceTree = "<group>"; };
		D5A446CE18E45B5200B95D22 /* AFHTTPRequestOperationManager.h */ = {isa = PBXFileReference; fileEncoding = 4; lastKnownFileType = sourcecode.c.h; path = AFHTTPRequestOperationManager.h; sourceTree = "<group>"; };
		D5A446CF18E45B5200B95D22 /* AFHTTPRequestOperationManager.m */ = {isa = PBXFileReference; fileEncoding = 4; lastKnownFileType = sourcecode.c.objc; path = AFHTTPRequestOperationManager.m; sourceTree = "<group>"; };
		D5A446D018E45B5200B95D22 /* AFHTTPSessionManager.h */ = {isa = PBXFileReference; fileEncoding = 4; lastKnownFileType = sourcecode.c.h; path = AFHTTPSessionManager.h; sourceTree = "<group>"; };
		D5A446D118E45B5200B95D22 /* AFHTTPSessionManager.m */ = {isa = PBXFileReference; fileEncoding = 4; lastKnownFileType = sourcecode.c.objc; path = AFHTTPSessionManager.m; sourceTree = "<group>"; };
		D5A446D218E45B5200B95D22 /* AFNetworking.h */ = {isa = PBXFileReference; fileEncoding = 4; lastKnownFileType = sourcecode.c.h; path = AFNetworking.h; sourceTree = "<group>"; };
		D5A446D318E45B5200B95D22 /* AFNetworkReachabilityManager.h */ = {isa = PBXFileReference; fileEncoding = 4; lastKnownFileType = sourcecode.c.h; path = AFNetworkReachabilityManager.h; sourceTree = "<group>"; };
		D5A446D418E45B5200B95D22 /* AFNetworkReachabilityManager.m */ = {isa = PBXFileReference; fileEncoding = 4; lastKnownFileType = sourcecode.c.objc; path = AFNetworkReachabilityManager.m; sourceTree = "<group>"; };
		D5A446D518E45B5200B95D22 /* AFSecurityPolicy.h */ = {isa = PBXFileReference; fileEncoding = 4; lastKnownFileType = sourcecode.c.h; path = AFSecurityPolicy.h; sourceTree = "<group>"; };
		D5A446D618E45B5200B95D22 /* AFSecurityPolicy.m */ = {isa = PBXFileReference; fileEncoding = 4; lastKnownFileType = sourcecode.c.objc; path = AFSecurityPolicy.m; sourceTree = "<group>"; };
		D5A446D718E45B5200B95D22 /* AFURLConnectionOperation.h */ = {isa = PBXFileReference; fileEncoding = 4; lastKnownFileType = sourcecode.c.h; path = AFURLConnectionOperation.h; sourceTree = "<group>"; };
		D5A446D818E45B5200B95D22 /* AFURLConnectionOperation.m */ = {isa = PBXFileReference; fileEncoding = 4; lastKnownFileType = sourcecode.c.objc; path = AFURLConnectionOperation.m; sourceTree = "<group>"; };
		D5A446D918E45B5200B95D22 /* AFURLRequestSerialization.h */ = {isa = PBXFileReference; fileEncoding = 4; lastKnownFileType = sourcecode.c.h; path = AFURLRequestSerialization.h; sourceTree = "<group>"; };
		D5A446DA18E45B5200B95D22 /* AFURLRequestSerialization.m */ = {isa = PBXFileReference; fileEncoding = 4; lastKnownFileType = sourcecode.c.objc; path = AFURLRequestSerialization.m; sourceTree = "<group>"; };
		D5A446DB18E45B5200B95D22 /* AFURLResponseSerialization.h */ = {isa = PBXFileReference; fileEncoding = 4; lastKnownFileType = sourcecode.c.h; path = AFURLResponseSerialization.h; sourceTree = "<group>"; };
		D5A446DC18E45B5200B95D22 /* AFURLResponseSerialization.m */ = {isa = PBXFileReference; fileEncoding = 4; lastKnownFileType = sourcecode.c.objc; path = AFURLResponseSerialization.m; sourceTree = "<group>"; };
		D5A446DD18E45B5200B95D22 /* AFURLSessionManager.h */ = {isa = PBXFileReference; fileEncoding = 4; lastKnownFileType = sourcecode.c.h; path = AFURLSessionManager.h; sourceTree = "<group>"; };
		D5A446DE18E45B5200B95D22 /* AFURLSessionManager.m */ = {isa = PBXFileReference; fileEncoding = 4; lastKnownFileType = sourcecode.c.objc; path = AFURLSessionManager.m; sourceTree = "<group>"; };
		D5A446DF18E45B5200B95D22 /* UIImageView+AFNetworking.h */ = {isa = PBXFileReference; fileEncoding = 4; lastKnownFileType = sourcecode.c.h; path = "UIImageView+AFNetworking.h"; sourceTree = "<group>"; };
		D5A446E018E45B5200B95D22 /* UIImageView+AFNetworking.m */ = {isa = PBXFileReference; fileEncoding = 4; lastKnownFileType = sourcecode.c.objc; path = "UIImageView+AFNetworking.m"; sourceTree = "<group>"; };
		D5A446E218E45B5200B95D22 /* README */ = {isa = PBXFileReference; fileEncoding = 4; lastKnownFileType = text; path = README; sourceTree = "<group>"; };
		D5A446E518E45B5200B95D22 /* TBase.h */ = {isa = PBXFileReference; fileEncoding = 4; lastKnownFileType = sourcecode.c.h; path = TBase.h; sourceTree = "<group>"; };
		D5A446E618E45B5200B95D22 /* TBinaryProtocol.h */ = {isa = PBXFileReference; fileEncoding = 4; lastKnownFileType = sourcecode.c.h; path = TBinaryProtocol.h; sourceTree = "<group>"; };
		D5A446E718E45B5200B95D22 /* TBinaryProtocol.m */ = {isa = PBXFileReference; fileEncoding = 4; lastKnownFileType = sourcecode.c.objc; path = TBinaryProtocol.m; sourceTree = "<group>"; };
		D5A446E818E45B5200B95D22 /* TMultiplexedProtocol.h */ = {isa = PBXFileReference; fileEncoding = 4; lastKnownFileType = sourcecode.c.h; path = TMultiplexedProtocol.h; sourceTree = "<group>"; };
		D5A446E918E45B5200B95D22 /* TMultiplexedProtocol.m */ = {isa = PBXFileReference; fileEncoding = 4; lastKnownFileType = sourcecode.c.objc; path = TMultiplexedProtocol.m; sourceTree = "<group>"; };
		D5A446EA18E45B5200B95D22 /* TProtocol.h */ = {isa = PBXFileReference; fileEncoding = 4; lastKnownFileType = sourcecode.c.h; path = TProtocol.h; sourceTree = "<group>"; };
		D5A446EB18E45B5200B95D22 /* TProtocolDecorator.h */ = {isa = PBXFileReference; fileEncoding = 4; lastKnownFileType = sourcecode.c.h; path = TProtocolDecorator.h; sourceTree = "<group>"; };
		D5A446EC18E45B5200B95D22 /* TProtocolDecorator.m */ = {isa = PBXFileReference; fileEncoding = 4; lastKnownFileType = sourcecode.c.objc; path = TProtocolDecorator.m; sourceTree = "<group>"; };
		D5A446ED18E45B5200B95D22 /* TProtocolException.h */ = {isa = PBXFileReference; fileEncoding = 4; lastKnownFileType = sourcecode.c.h; path = TProtocolException.h; sourceTree = "<group>"; };
		D5A446EE18E45B5200B95D22 /* TProtocolException.m */ = {isa = PBXFileReference; fileEncoding = 4; lastKnownFileType = sourcecode.c.objc; path = TProtocolException.m; sourceTree = "<group>"; };
		D5A446EF18E45B5200B95D22 /* TProtocolFactory.h */ = {isa = PBXFileReference; fileEncoding = 4; lastKnownFileType = sourcecode.c.h; path = TProtocolFactory.h; sourceTree = "<group>"; };
		D5A446F018E45B5200B95D22 /* TProtocolUtil.h */ = {isa = PBXFileReference; fileEncoding = 4; lastKnownFileType = sourcecode.c.h; path = TProtocolUtil.h; sourceTree = "<group>"; };
		D5A446F118E45B5200B95D22 /* TProtocolUtil.m */ = {isa = PBXFileReference; fileEncoding = 4; lastKnownFileType = sourcecode.c.objc; path = TProtocolUtil.m; sourceTree = "<group>"; };
		D5A446F318E45B5200B95D22 /* TSocketServer.h */ = {isa = PBXFileReference; fileEncoding = 4; lastKnownFileType = sourcecode.c.h; path = TSocketServer.h; sourceTree = "<group>"; };
		D5A446F418E45B5200B95D22 /* TSocketServer.m */ = {isa = PBXFileReference; fileEncoding = 4; lastKnownFileType = sourcecode.c.objc; path = TSocketServer.m; sourceTree = "<group>"; };
		D5A446F518E45B5200B95D22 /* TApplicationException.h */ = {isa = PBXFileReference; fileEncoding = 4; lastKnownFileType = sourcecode.c.h; path = TApplicationException.h; sourceTree = "<group>"; };
		D5A446F618E45B5200B95D22 /* TApplicationException.m */ = {isa = PBXFileReference; fileEncoding = 4; lastKnownFileType = sourcecode.c.objc; path = TApplicationException.m; sourceTree = "<group>"; };
		D5A446F718E45B5200B95D22 /* TException.h */ = {isa = PBXFileReference; fileEncoding = 4; lastKnownFileType = sourcecode.c.h; path = TException.h; sourceTree = "<group>"; };
		D5A446F818E45B5200B95D22 /* TException.m */ = {isa = PBXFileReference; fileEncoding = 4; lastKnownFileType = sourcecode.c.objc; path = TException.m; sourceTree = "<group>"; };
		D5A446F918E45B5200B95D22 /* TObjective-C.h */ = {isa = PBXFileReference; fileEncoding = 4; lastKnownFileType = sourcecode.c.h; path = "TObjective-C.h"; sourceTree = "<group>"; };
		D5A446FA18E45B5200B95D22 /* TProcessor.h */ = {isa = PBXFileReference; fileEncoding = 4; lastKnownFileType = sourcecode.c.h; path = TProcessor.h; sourceTree = "<group>"; };
		D5A446FB18E45B5200B95D22 /* TProcessorFactory.h */ = {isa = PBXFileReference; fileEncoding = 4; lastKnownFileType = sourcecode.c.h; path = TProcessorFactory.h; sourceTree = "<group>"; };
		D5A446FD18E45B5200B95D22 /* TFramedTransport.h */ = {isa = PBXFileReference; fileEncoding = 4; lastKnownFileType = sourcecode.c.h; path = TFramedTransport.h; sourceTree = "<group>"; };
		D5A446FE18E45B5200B95D22 /* TFramedTransport.m */ = {isa = PBXFileReference; fileEncoding = 4; lastKnownFileType = sourcecode.c.objc; path = TFramedTransport.m; sourceTree = "<group>"; };
		D5A446FF18E45B5200B95D22 /* THTTPClient.h */ = {isa = PBXFileReference; fileEncoding = 4; lastKnownFileType = sourcecode.c.h; path = THTTPClient.h; sourceTree = "<group>"; };
		D5A4470018E45B5200B95D22 /* THTTPClient.m */ = {isa = PBXFileReference; fileEncoding = 4; lastKnownFileType = sourcecode.c.objc; path = THTTPClient.m; sourceTree = "<group>"; };
		D5A4470118E45B5200B95D22 /* TMemoryBuffer.h */ = {isa = PBXFileReference; fileEncoding = 4; lastKnownFileType = sourcecode.c.h; path = TMemoryBuffer.h; sourceTree = "<group>"; };
		D5A4470218E45B5200B95D22 /* TMemoryBuffer.m */ = {isa = PBXFileReference; fileEncoding = 4; lastKnownFileType = sourcecode.c.objc; path = TMemoryBuffer.m; sourceTree = "<group>"; };
		D5A4470318E45B5200B95D22 /* TNSFileHandleTransport.h */ = {isa = PBXFileReference; fileEncoding = 4; lastKnownFileType = sourcecode.c.h; path = TNSFileHandleTransport.h; sourceTree = "<group>"; };
		D5A4470418E45B5200B95D22 /* TNSFileHandleTransport.m */ = {isa = PBXFileReference; fileEncoding = 4; lastKnownFileType = sourcecode.c.objc; path = TNSFileHandleTransport.m; sourceTree = "<group>"; };
		D5A4470518E45B5200B95D22 /* TNSStreamTransport.h */ = {isa = PBXFileReference; fileEncoding = 4; lastKnownFileType = sourcecode.c.h; path = TNSStreamTransport.h; sourceTree = "<group>"; };
		D5A4470618E45B5200B95D22 /* TNSStreamTransport.m */ = {isa = PBXFileReference; fileEncoding = 4; lastKnownFileType = sourcecode.c.objc; path = TNSStreamTransport.m; sourceTree = "<group>"; };
		D5A4470718E45B5200B95D22 /* TSocketClient.h */ = {isa = PBXFileReference; fileEncoding = 4; lastKnownFileType = sourcecode.c.h; path = TSocketClient.h; sourceTree = "<group>"; };
		D5A4470818E45B5200B95D22 /* TSocketClient.m */ = {isa = PBXFileReference; fileEncoding = 4; lastKnownFileType = sourcecode.c.objc; path = TSocketClient.m; sourceTree = "<group>"; };
		D5A4470918E45B5200B95D22 /* TTransport.h */ = {isa = PBXFileReference; fileEncoding = 4; lastKnownFileType = sourcecode.c.h; path = TTransport.h; sourceTree = "<group>"; };
		D5A4470A18E45B5200B95D22 /* TTransportException.h */ = {isa = PBXFileReference; fileEncoding = 4; lastKnownFileType = sourcecode.c.h; path = TTransportException.h; sourceTree = "<group>"; };
		D5A4470B18E45B5200B95D22 /* TTransportException.m */ = {isa = PBXFileReference; fileEncoding = 4; lastKnownFileType = sourcecode.c.objc; path = TTransportException.m; sourceTree = "<group>"; };
		D5A4470C18E45B5200B95D22 /* TSharedProcessorFactory.h */ = {isa = PBXFileReference; fileEncoding = 4; lastKnownFileType = sourcecode.c.h; path = TSharedProcessorFactory.h; sourceTree = "<group>"; };
		D5A4470D18E45B5200B95D22 /* TSharedProcessorFactory.m */ = {isa = PBXFileReference; fileEncoding = 4; lastKnownFileType = sourcecode.c.objc; path = TSharedProcessorFactory.m; sourceTree = "<group>"; };
		D5A4470E18E45B5200B95D22 /* AiThriftManager.h */ = {isa = PBXFileReference; fileEncoding = 4; lastKnownFileType = sourcecode.c.h; path = AiThriftManager.h; sourceTree = "<group>"; };
		D5A4470F18E45B5200B95D22 /* AiThriftManager.m */ = {isa = PBXFileReference; fileEncoding = 4; lastKnownFileType = sourcecode.c.objc; path = AiThriftManager.m; sourceTree = "<group>"; };
		D5A4471118E45B5200B95D22 /* CHANGELOG.md */ = {isa = PBXFileReference; fileEncoding = 4; lastKnownFileType = text; path = CHANGELOG.md; sourceTree = "<group>"; };
		D5A4471218E45B5200B95D22 /* JSONKit.h */ = {isa = PBXFileReference; fileEncoding = 4; lastKnownFileType = sourcecode.c.h; path = JSONKit.h; sourceTree = "<group>"; };
		D5A4471318E45B5200B95D22 /* JSONKit.m */ = {isa = PBXFileReference; fileEncoding = 4; lastKnownFileType = sourcecode.c.objc; path = JSONKit.m; sourceTree = "<group>"; };
		D5A4471418E45B5200B95D22 /* README.md */ = {isa = PBXFileReference; fileEncoding = 4; lastKnownFileType = text; path = README.md; sourceTree = "<group>"; };
		D5A4471518E45B5200B95D22 /* shy_client_server.h */ = {isa = PBXFileReference; fileEncoding = 4; lastKnownFileType = sourcecode.c.h; path = shy_client_server.h; sourceTree = "<group>"; };
		D5A4471618E45B5200B95D22 /* shy_client_server.m */ = {isa = PBXFileReference; fileEncoding = 4; lastKnownFileType = sourcecode.c.objc; path = shy_client_server.m; sourceTree = "<group>"; };
		D5A4471818E45B5300B95D22 /* UMCache.h */ = {isa = PBXFileReference; fileEncoding = 4; lastKnownFileType = sourcecode.c.h; path = UMCache.h; sourceTree = "<group>"; };
		D5A4471918E45B5300B95D22 /* UMCache.m */ = {isa = PBXFileReference; fileEncoding = 4; lastKnownFileType = sourcecode.c.objc; path = UMCache.m; sourceTree = "<group>"; };
		D5A4471A18E45B5300B95D22 /* UMImageLoadConnection.h */ = {isa = PBXFileReference; fileEncoding = 4; lastKnownFileType = sourcecode.c.h; path = UMImageLoadConnection.h; sourceTree = "<group>"; };
		D5A4471B18E45B5300B95D22 /* UMImageLoadConnection.m */ = {isa = PBXFileReference; fileEncoding = 4; lastKnownFileType = sourcecode.c.objc; path = UMImageLoadConnection.m; sourceTree = "<group>"; };
		D5A4471C18E45B5300B95D22 /* UMImageLoader.h */ = {isa = PBXFileReference; fileEncoding = 4; lastKnownFileType = sourcecode.c.h; path = UMImageLoader.h; sourceTree = "<group>"; };
		D5A4471D18E45B5300B95D22 /* UMImageLoader.m */ = {isa = PBXFileReference; fileEncoding = 4; lastKnownFileType = sourcecode.c.objc; path = UMImageLoader.m; sourceTree = "<group>"; };
		D5A4471E18E45B5300B95D22 /* UMImageView.h */ = {isa = PBXFileReference; fileEncoding = 4; lastKnownFileType = sourcecode.c.h; path = UMImageView.h; sourceTree = "<group>"; };
		D5A4471F18E45B5300B95D22 /* UMImageView.m */ = {isa = PBXFileReference; fileEncoding = 4; lastKnownFileType = sourcecode.c.objc; path = UMImageView.m; sourceTree = "<group>"; };
		D5A4474418E45DA600B95D22 /* AiPlayerViewController.h */ = {isa = PBXFileReference; fileEncoding = 4; lastKnownFileType = sourcecode.c.h; path = AiPlayerViewController.h; sourceTree = "<group>"; };
		D5A4474518E45DA600B95D22 /* AiPlayerViewController.m */ = {isa = PBXFileReference; fileEncoding = 4; lastKnownFileType = sourcecode.c.objc; path = AiPlayerViewController.m; sourceTree = "<group>"; };
		D5A4474B18E463EA00B95D22 /* AiDataRequestManager.h */ = {isa = PBXFileReference; fileEncoding = 4; lastKnownFileType = sourcecode.c.h; path = AiDataRequestManager.h; sourceTree = "<group>"; };
		D5A4474C18E463EA00B95D22 /* AiDataRequestManager.m */ = {isa = PBXFileReference; fileEncoding = 4; lastKnownFileType = sourcecode.c.objc; path = AiDataRequestManager.m; sourceTree = "<group>"; };
		D5A44A5D18E66C4F00B95D22 /* MZFormSheetBackgroundWindow.h */ = {isa = PBXFileReference; fileEncoding = 4; lastKnownFileType = sourcecode.c.h; path = MZFormSheetBackgroundWindow.h; sourceTree = "<group>"; };
		D5A44A5E18E66C4F00B95D22 /* MZFormSheetBackgroundWindow.m */ = {isa = PBXFileReference; fileEncoding = 4; lastKnownFileType = sourcecode.c.objc; path = MZFormSheetBackgroundWindow.m; sourceTree = "<group>"; };
		D5A44A5F18E66C4F00B95D22 /* MZFormSheetBackgroundWindowViewController.h */ = {isa = PBXFileReference; fileEncoding = 4; lastKnownFileType = sourcecode.c.h; path = MZFormSheetBackgroundWindowViewController.h; sourceTree = "<group>"; };
		D5A44A6018E66C4F00B95D22 /* MZFormSheetBackgroundWindowViewController.m */ = {isa = PBXFileReference; fileEncoding = 4; lastKnownFileType = sourcecode.c.objc; path = MZFormSheetBackgroundWindowViewController.m; sourceTree = "<group>"; };
		D5A44A6118E66C4F00B95D22 /* MZFormSheetController.h */ = {isa = PBXFileReference; fileEncoding = 4; lastKnownFileType = sourcecode.c.h; path = MZFormSheetController.h; sourceTree = "<group>"; };
		D5A44A6218E66C4F00B95D22 /* MZFormSheetController.m */ = {isa = PBXFileReference; fileEncoding = 4; lastKnownFileType = sourcecode.c.objc; path = MZFormSheetController.m; sourceTree = "<group>"; };
		D5A44A6318E66C4F00B95D22 /* MZFormSheetSegue.h */ = {isa = PBXFileReference; fileEncoding = 4; lastKnownFileType = sourcecode.c.h; path = MZFormSheetSegue.h; sourceTree = "<group>"; };
		D5A44A6418E66C4F00B95D22 /* MZFormSheetSegue.m */ = {isa = PBXFileReference; fileEncoding = 4; lastKnownFileType = sourcecode.c.objc; path = MZFormSheetSegue.m; sourceTree = "<group>"; };
		D5A44A6518E66C4F00B95D22 /* MZTransition.h */ = {isa = PBXFileReference; fileEncoding = 4; lastKnownFileType = sourcecode.c.h; path = MZTransition.h; sourceTree = "<group>"; };
		D5A44A6618E66C4F00B95D22 /* MZTransition.m */ = {isa = PBXFileReference; fileEncoding = 4; lastKnownFileType = sourcecode.c.objc; path = MZTransition.m; sourceTree = "<group>"; };
		D5A44A6718E66C4F00B95D22 /* UIImage+Additional.h */ = {isa = PBXFileReference; fileEncoding = 4; lastKnownFileType = sourcecode.c.h; path = "UIImage+Additional.h"; sourceTree = "<group>"; };
		D5A44A6818E66C4F00B95D22 /* UIImage+Additional.m */ = {isa = PBXFileReference; fileEncoding = 4; lastKnownFileType = sourcecode.c.objc; path = "UIImage+Additional.m"; sourceTree = "<group>"; };
		D5A44A6918E66C4F00B95D22 /* UIViewController+TargetViewController.h */ = {isa = PBXFileReference; fileEncoding = 4; lastKnownFileType = sourcecode.c.h; path = "UIViewController+TargetViewController.h"; sourceTree = "<group>"; };
		D5A44A6A18E66C4F00B95D22 /* UIViewController+TargetViewController.m */ = {isa = PBXFileReference; fileEncoding = 4; lastKnownFileType = sourcecode.c.objc; path = "UIViewController+TargetViewController.m"; sourceTree = "<group>"; };
		D5A44A7218E66CDC00B95D22 /* MZAppearance.h */ = {isa = PBXFileReference; fileEncoding = 4; lastKnownFileType = sourcecode.c.h; name = MZAppearance.h; path = Additional/MZAppearance.h; sourceTree = "<group>"; };
		D5A44A7318E66CDC00B95D22 /* MZAppearance.m */ = {isa = PBXFileReference; fileEncoding = 4; lastKnownFileType = sourcecode.c.objc; name = MZAppearance.m; path = Additional/MZAppearance.m; sourceTree = "<group>"; };
		D5A44A7418E66CDC00B95D22 /* NSInvocation+Copy.h */ = {isa = PBXFileReference; fileEncoding = 4; lastKnownFileType = sourcecode.c.h; name = "NSInvocation+Copy.h"; path = "Additional/NSInvocation+Copy.h"; sourceTree = "<group>"; };
		D5A44A7518E66CDC00B95D22 /* NSInvocation+Copy.m */ = {isa = PBXFileReference; fileEncoding = 4; lastKnownFileType = sourcecode.c.objc; name = "NSInvocation+Copy.m"; path = "Additional/NSInvocation+Copy.m"; sourceTree = "<group>"; };
		D5A44A7818E673C800B95D22 /* AiSearchViewController.h */ = {isa = PBXFileReference; fileEncoding = 4; lastKnownFileType = sourcecode.c.h; path = AiSearchViewController.h; sourceTree = "<group>"; };
		D5A44A7918E673C800B95D22 /* AiSearchViewController.m */ = {isa = PBXFileReference; fileEncoding = 4; lastKnownFileType = sourcecode.c.objc; path = AiSearchViewController.m; sourceTree = "<group>"; };
		D5A44A7C18E6BB0400B95D22 /* EGODatabase.h */ = {isa = PBXFileReference; fileEncoding = 4; lastKnownFileType = sourcecode.c.h; path = EGODatabase.h; sourceTree = "<group>"; };
		D5A44A7D18E6BB0400B95D22 /* EGODatabase.m */ = {isa = PBXFileReference; fileEncoding = 4; lastKnownFileType = sourcecode.c.objc; path = EGODatabase.m; sourceTree = "<group>"; };
		D5A44A7E18E6BB0400B95D22 /* EGODatabaseRequest.h */ = {isa = PBXFileReference; fileEncoding = 4; lastKnownFileType = sourcecode.c.h; path = EGODatabaseRequest.h; sourceTree = "<group>"; };
		D5A44A7F18E6BB0400B95D22 /* EGODatabaseRequest.m */ = {isa = PBXFileReference; fileEncoding = 4; lastKnownFileType = sourcecode.c.objc; path = EGODatabaseRequest.m; sourceTree = "<group>"; };
		D5A44A8018E6BB0400B95D22 /* EGODatabaseResult.h */ = {isa = PBXFileReference; fileEncoding = 4; lastKnownFileType = sourcecode.c.h; path = EGODatabaseResult.h; sourceTree = "<group>"; };
		D5A44A8118E6BB0400B95D22 /* EGODatabaseResult.m */ = {isa = PBXFileReference; fileEncoding = 4; lastKnownFileType = sourcecode.c.objc; path = EGODatabaseResult.m; sourceTree = "<group>"; };
		D5A44A8218E6BB0400B95D22 /* EGODatabaseResult_Internal.h */ = {isa = PBXFileReference; fileEncoding = 4; lastKnownFileType = sourcecode.c.h; path = EGODatabaseResult_Internal.h; sourceTree = "<group>"; };
		D5A44A8318E6BB0400B95D22 /* EGODatabaseRow.h */ = {isa = PBXFileReference; fileEncoding = 4; lastKnownFileType = sourcecode.c.h; path = EGODatabaseRow.h; sourceTree = "<group>"; };
		D5A44A8418E6BB0400B95D22 /* EGODatabaseRow.m */ = {isa = PBXFileReference; fileEncoding = 4; lastKnownFileType = sourcecode.c.objc; path = EGODatabaseRow.m; sourceTree = "<group>"; };
		D5A44A8518E6BB0400B95D22 /* EGODatabaseRow_Internal.h */ = {isa = PBXFileReference; fileEncoding = 4; lastKnownFileType = sourcecode.c.h; path = EGODatabaseRow_Internal.h; sourceTree = "<group>"; };
		D5A44A8A18E6BB4900B95D22 /* libsqlite3.dylib */ = {isa = PBXFileReference; lastKnownFileType = "compiled.mach-o.dylib"; name = libsqlite3.dylib; path = usr/lib/libsqlite3.dylib; sourceTree = SDKROOT; };
		D5A44A8C18E6BC7200B95D22 /* AiDataBaseManager.h */ = {isa = PBXFileReference; fileEncoding = 4; lastKnownFileType = sourcecode.c.h; path = AiDataBaseManager.h; sourceTree = "<group>"; };
		D5A44A8D18E6BC7200B95D22 /* AiDataBaseManager.m */ = {isa = PBXFileReference; fileEncoding = 4; lastKnownFileType = sourcecode.c.objc; path = AiDataBaseManager.m; sourceTree = "<group>"; };
		D5A44A8F18E6CBF100B95D22 /* database.db */ = {isa = PBXFileReference; lastKnownFileType = file; path = database.db; sourceTree = SOURCE_ROOT; };
		D5A44A9018E6CE2A00B95D22 /* AiVideoPlayerManager.h */ = {isa = PBXFileReference; fileEncoding = 4; lastKnownFileType = sourcecode.c.h; path = AiVideoPlayerManager.h; sourceTree = "<group>"; };
		D5A44A9318E6D4C300B95D22 /* AiHistoryViewController.h */ = {isa = PBXFileReference; fileEncoding = 4; lastKnownFileType = sourcecode.c.h; path = AiHistoryViewController.h; sourceTree = "<group>"; };
		D5A44A9418E6D4C300B95D22 /* AiHistoryViewController.m */ = {isa = PBXFileReference; fileEncoding = 4; lastKnownFileType = sourcecode.c.objc; path = AiHistoryViewController.m; sourceTree = "<group>"; };
		D5A44A9818E6F7A500B95D22 /* background@2x.png */ = {isa = PBXFileReference; lastKnownFileType = image.png; path = "background@2x.png"; sourceTree = "<group>"; };
		D5A44A9918E6F7A500B95D22 /* fengzheng@2x.png */ = {isa = PBXFileReference; lastKnownFileType = image.png; path = "fengzheng@2x.png"; sourceTree = "<group>"; };
		D5A44A9A18E6F7A500B95D22 /* haixing@2x.png */ = {isa = PBXFileReference; lastKnownFileType = image.png; path = "haixing@2x.png"; sourceTree = "<group>"; };
		D5A44A9B18E6F7A500B95D22 /* mifeng@2x.png */ = {isa = PBXFileReference; lastKnownFileType = image.png; path = "mifeng@2x.png"; sourceTree = "<group>"; };
		D5A44A9C18E6F7A500B95D22 /* panxie@2x.png */ = {isa = PBXFileReference; lastKnownFileType = image.png; path = "panxie@2x.png"; sourceTree = "<group>"; };
		D5A44A9D18E6F7A500B95D22 /* shizhong@2x.png */ = {isa = PBXFileReference; lastKnownFileType = image.png; path = "shizhong@2x.png"; sourceTree = "<group>"; };
		D5A44A9E18E6F7A500B95D22 /* shu@2x.png */ = {isa = PBXFileReference; lastKnownFileType = image.png; path = "shu@2x.png"; sourceTree = "<group>"; };
		D5A44A9F18E6F7A500B95D22 /* sun@2x.png */ = {isa = PBXFileReference; lastKnownFileType = image.png; path = "sun@2x.png"; sourceTree = "<group>"; };
		D5A44AA018E6F7A500B95D22 /* tizhi@2x.png */ = {isa = PBXFileReference; lastKnownFileType = image.png; path = "tizhi@2x.png"; sourceTree = "<group>"; };
		D5A44AA118E6F7A500B95D22 /* wugui@2x.png */ = {isa = PBXFileReference; lastKnownFileType = image.png; path = "wugui@2x.png"; sourceTree = "<group>"; };
		D5A44AA318E6F7A500B95D22 /* xianhua@2x.png */ = {isa = PBXFileReference; lastKnownFileType = image.png; path = "xianhua@2x.png"; sourceTree = "<group>"; };
		D5A44AA418E6F7A500B95D22 /* xiaohai@2x.png */ = {isa = PBXFileReference; lastKnownFileType = image.png; path = "xiaohai@2x.png"; sourceTree = "<group>"; };
		D5A44AA518E6F7A500B95D22 /* xiaoniao@2x.png */ = {isa = PBXFileReference; lastKnownFileType = image.png; path = "xiaoniao@2x.png"; sourceTree = "<group>"; };
		D5A44AA618E6F7A500B95D22 /* xiaoyu@2x.png */ = {isa = PBXFileReference; lastKnownFileType = image.png; path = "xiaoyu@2x.png"; sourceTree = "<group>"; };
		D5A44AB618E70E5700B95D22 /* fadajing@2x.png */ = {isa = PBXFileReference; lastKnownFileType = image.png; path = "fadajing@2x.png"; sourceTree = "<group>"; };
		D5A44AB818E7174A00B95D22 /* AiVIdeoPlayerManager.m */ = {isa = PBXFileReference; fileEncoding = 4; lastKnownFileType = sourcecode.c.objc; path = AiVIdeoPlayerManager.m; sourceTree = "<group>"; };
		D5A44ABA18E7FD9F00B95D22 /* blueArrow.png */ = {isa = PBXFileReference; lastKnownFileType = image.png; path = blueArrow.png; sourceTree = "<group>"; };
		D5A44ABB18E7FD9F00B95D22 /* blueArrow@2x.png */ = {isa = PBXFileReference; lastKnownFileType = image.png; path = "blueArrow@2x.png"; sourceTree = "<group>"; };
		D5A44ABF18E808A600B95D22 /* AiGridViewController.h */ = {isa = PBXFileReference; fileEncoding = 4; lastKnownFileType = sourcecode.c.h; path = AiGridViewController.h; sourceTree = "<group>"; };
		D5A44AC018E808A600B95D22 /* AiGridViewController.m */ = {isa = PBXFileReference; fileEncoding = 4; lastKnownFileType = sourcecode.c.objc; path = AiGridViewController.m; sourceTree = "<group>"; };
		D5A44AC418E8698700B95D22 /* hist_popup@2x.png */ = {isa = PBXFileReference; lastKnownFileType = image.png; path = "hist_popup@2x.png"; sourceTree = "<group>"; };
		D5A44AC518E8698700B95D22 /* search_bar_light@2x.png */ = {isa = PBXFileReference; lastKnownFileType = image.png; path = "search_bar_light@2x.png"; sourceTree = "<group>"; };
		D5A44AC618E8698700B95D22 /* search_bar@2x.png */ = {isa = PBXFileReference; lastKnownFileType = image.png; path = "search_bar@2x.png"; sourceTree = "<group>"; };
		D5A44AC718E8698700B95D22 /* search_popup@2x.png */ = {isa = PBXFileReference; lastKnownFileType = image.png; path = "search_popup@2x.png"; sourceTree = "<group>"; };
		D5A44AC818E8698700B95D22 /* search_tool@2x.png */ = {isa = PBXFileReference; lastKnownFileType = image.png; path = "search_tool@2x.png"; sourceTree = "<group>"; };
		D5A44AC918E8698700B95D22 /* setting_popup@2x.png */ = {isa = PBXFileReference; lastKnownFileType = image.png; path = "setting_popup@2x.png"; sourceTree = "<group>"; };
		D5CA6CBE18F9344F0020E01A /* close@2x.png */ = {isa = PBXFileReference; lastKnownFileType = image.png; path = "close@2x.png"; sourceTree = "<group>"; };
		D5CA6CBF18F9344F0020E01A /* item_normal@2x.png */ = {isa = PBXFileReference; lastKnownFileType = image.png; path = "item_normal@2x.png"; sourceTree = "<group>"; };
		D5CA6CC018F9344F0020E01A /* popup@2x.png */ = {isa = PBXFileReference; lastKnownFileType = image.png; path = "popup@2x.png"; sourceTree = "<group>"; };
		D5CA6CC418F945E20020E01A /* panxie_select@2x.png */ = {isa = PBXFileReference; lastKnownFileType = image.png; path = "panxie_select@2x.png"; sourceTree = "<group>"; };
		D5CA6CC518F945E20020E01A /* wugui_select@2x.png */ = {isa = PBXFileReference; lastKnownFileType = image.png; path = "wugui_select@2x.png"; sourceTree = "<group>"; };
		D5CA6CC618F945E20020E01A /* xiaoyu_select@2x.png */ = {isa = PBXFileReference; lastKnownFileType = image.png; path = "xiaoyu_select@2x.png"; sourceTree = "<group>"; };
		D5CA6CCA18F9715C0020E01A /* searchField@2x.png */ = {isa = PBXFileReference; lastKnownFileType = image.png; path = "searchField@2x.png"; sourceTree = "<group>"; };
		D5CA6CCB18F9715C0020E01A /* searchIcon@2x.png */ = {isa = PBXFileReference; lastKnownFileType = image.png; path = "searchIcon@2x.png"; sourceTree = "<group>"; };
		D5FCFEC319021DA100C28AC3 /* slider_background_min@2x.png */ = {isa = PBXFileReference; lastKnownFileType = image.png; path = "slider_background_min@2x.png"; sourceTree = "<group>"; };
		D5FCFEC5190222C900C28AC3 /* icon.png */ = {isa = PBXFileReference; lastKnownFileType = image.png; name = icon.png; path = Resources/icon.png; sourceTree = "<group>"; };
		D5FCFEC6190222C900C28AC3 /* icon@2x.png */ = {isa = PBXFileReference; lastKnownFileType = image.png; name = "icon@2x.png"; path = "Resources/icon@2x.png"; sourceTree = "<group>"; };
/* End PBXFileReference section */

/* Begin PBXFrameworksBuildPhase section */
		D5A4462E18E2512800B95D22 /* Frameworks */ = {
			isa = PBXFrameworksBuildPhase;
			buildActionMask = 2147483647;
			files = (
				D5A44A8B18E6BB4900B95D22 /* libsqlite3.dylib in Frameworks */,
				D5A4463718E2512800B95D22 /* CoreGraphics.framework in Frameworks */,
				D5A4463918E2512800B95D22 /* UIKit.framework in Frameworks */,
				D5A4463518E2512800B95D22 /* Foundation.framework in Frameworks */,
			);
			runOnlyForDeploymentPostprocessing = 0;
		};
		D5A4465218E2512800B95D22 /* Frameworks */ = {
			isa = PBXFrameworksBuildPhase;
			buildActionMask = 2147483647;
			files = (
				D5A4465718E2512800B95D22 /* XCTest.framework in Frameworks */,
				D5A4465918E2512800B95D22 /* UIKit.framework in Frameworks */,
				D5A4465818E2512800B95D22 /* Foundation.framework in Frameworks */,
			);
			runOnlyForDeploymentPostprocessing = 0;
		};
/* End PBXFrameworksBuildPhase section */

/* Begin PBXGroup section */
		D501800318FC23220069E681 /* 播放 */ = {
			isa = PBXGroup;
			children = (
				D5FCFEC319021DA100C28AC3 /* slider_background_min@2x.png */,
				D5483C4118FD8FDD00D57A62 /* slider_background_max@2x.png */,
				D501802218FC38C40069E681 /* video_current@2x.png */,
				D501802318FC38C40069E681 /* video_frame@2x.png */,
				D501801E18FC355F0069E681 /* like_select@2x.png */,
				D501801F18FC355F0069E681 /* like@2x.png */,
				D501800418FC23220069E681 /* videos@2x.png */,
				D501800518FC23220069E681 /* videos_select@2x.png */,
				D501800618FC23220069E681 /* videoList_background@2x.png */,
				D501800718FC23220069E681 /* player_tabbar@2x.png */,
				D501800818FC23220069E681 /* play@2x.png */,
				D501800918FC23220069E681 /* pause@2x.png */,
				D501800A18FC23220069E681 /* back@2x.png */,
				D501800B18FC23220069E681 /* slider_point@2x.png */,
				D501800D18FC23220069E681 /* slider.png */,
				D501800E18FC23220069E681 /* player_bar@2x.png */,
			);
			path = "播放";
			sourceTree = "<group>";
		};
		D592FDE318E9AD910073656D /* SwipView */ = {
			isa = PBXGroup;
			children = (
				D592FDE418E9AD910073656D /* SwipeView.h */,
				D592FDE518E9AD910073656D /* SwipeView.m */,
			);
			path = SwipView;
			sourceTree = "<group>";
		};
		D5A4462818E2512800B95D22 = {
			isa = PBXGroup;
			children = (
				D5A4463A18E2512800B95D22 /* iBaby */,
				D5A4465C18E2512800B95D22 /* iBabyTests */,
				D5A4463318E2512800B95D22 /* Frameworks */,
				D5A4463218E2512800B95D22 /* Products */,
			);
			sourceTree = "<group>";
		};
		D5A4463218E2512800B95D22 /* Products */ = {
			isa = PBXGroup;
			children = (
				D5A4463118E2512800B95D22 /* iBaby.app */,
				D5A4465518E2512800B95D22 /* iBabyTests.xctest */,
			);
			name = Products;
			sourceTree = "<group>";
		};
		D5A4463318E2512800B95D22 /* Frameworks */ = {
			isa = PBXGroup;
			children = (
				D5A44A8A18E6BB4900B95D22 /* libsqlite3.dylib */,
				D5A4463418E2512800B95D22 /* Foundation.framework */,
				D5A4463618E2512800B95D22 /* CoreGraphics.framework */,
				D5A4463818E2512800B95D22 /* UIKit.framework */,
				D5A4465618E2512800B95D22 /* XCTest.framework */,
			);
			name = Frameworks;
			sourceTree = "<group>";
		};
		D5A4463A18E2512800B95D22 /* iBaby */ = {
			isa = PBXGroup;
			children = (
				D5A4474818E45E0100B95D22 /* Frameworks */,
				D5A44ABE18E8088100B95D22 /* Controller */,
				D5A4474718E45DB300B95D22 /* UI */,
				D5A4474918E4632A00B95D22 /* Model */,
				D5A4464318E2512800B95D22 /* AppDelegate.h */,
				D5A4464418E2512800B95D22 /* AppDelegate.m */,
				D5A4471518E45B5200B95D22 /* shy_client_server.h */,
				D5A4471618E45B5200B95D22 /* shy_client_server.m */,
				D5A4464618E2512800B95D22 /* Main_iPhone.storyboard */,
				D5A4464918E2512800B95D22 /* Main_iPad.storyboard */,
				D501800118FC22BA0069E681 /* AiPlayerViewControl.xib */,
				D5A44A8F18E6CBF100B95D22 /* database.db */,
				D5A446C818E316B400B95D22 /* AiDefine.h */,
				D5A446C918E3A07E00B95D22 /* 20090706065940.gif */,
				D5A4464F18E2512800B95D22 /* Images.xcassets */,
				D5A4463B18E2512800B95D22 /* Supporting Files */,
			);
			path = iBaby;
			sourceTree = "<group>";
		};
		D5A4463B18E2512800B95D22 /* Supporting Files */ = {
			isa = PBXGroup;
			children = (
				D5FCFEC5190222C900C28AC3 /* icon.png */,
				D5FCFEC6190222C900C28AC3 /* icon@2x.png */,
				D5A44A9718E6F7A500B95D22 /* Images */,
				D5A4463C18E2512800B95D22 /* iBaby-Info.plist */,
				D5A4463D18E2512800B95D22 /* InfoPlist.strings */,
				D5A4464018E2512800B95D22 /* main.m */,
				D5A4464218E2512800B95D22 /* iBaby-Prefix.pch */,
			);
			name = "Supporting Files";
			sourceTree = "<group>";
		};
		D5A4465C18E2512800B95D22 /* iBabyTests */ = {
			isa = PBXGroup;
			children = (
				D5A4466218E2512800B95D22 /* iBabyTests.m */,
				D5A4465D18E2512800B95D22 /* Supporting Files */,
			);
			path = iBabyTests;
			sourceTree = "<group>";
		};
		D5A4465D18E2512800B95D22 /* Supporting Files */ = {
			isa = PBXGroup;
			children = (
				D5A4465E18E2512800B95D22 /* iBabyTests-Info.plist */,
				D5A4465F18E2512800B95D22 /* InfoPlist.strings */,
			);
			name = "Supporting Files";
			sourceTree = "<group>";
		};
		D5A446CB18E45B5200B95D22 /* AFNetworking */ = {
			isa = PBXGroup;
			children = (
				D5A446CC18E45B5200B95D22 /* AFHTTPRequestOperation.h */,
				D5A446CD18E45B5200B95D22 /* AFHTTPRequestOperation.m */,
				D5A446CE18E45B5200B95D22 /* AFHTTPRequestOperationManager.h */,
				D5A446CF18E45B5200B95D22 /* AFHTTPRequestOperationManager.m */,
				D5A446D018E45B5200B95D22 /* AFHTTPSessionManager.h */,
				D5A446D118E45B5200B95D22 /* AFHTTPSessionManager.m */,
				D5A446D218E45B5200B95D22 /* AFNetworking.h */,
				D5A446D318E45B5200B95D22 /* AFNetworkReachabilityManager.h */,
				D5A446D418E45B5200B95D22 /* AFNetworkReachabilityManager.m */,
				D5A446D518E45B5200B95D22 /* AFSecurityPolicy.h */,
				D5A446D618E45B5200B95D22 /* AFSecurityPolicy.m */,
				D5A446D718E45B5200B95D22 /* AFURLConnectionOperation.h */,
				D5A446D818E45B5200B95D22 /* AFURLConnectionOperation.m */,
				D5A446D918E45B5200B95D22 /* AFURLRequestSerialization.h */,
				D5A446DA18E45B5200B95D22 /* AFURLRequestSerialization.m */,
				D5A446DB18E45B5200B95D22 /* AFURLResponseSerialization.h */,
				D5A446DC18E45B5200B95D22 /* AFURLResponseSerialization.m */,
				D5A446DD18E45B5200B95D22 /* AFURLSessionManager.h */,
				D5A446DE18E45B5200B95D22 /* AFURLSessionManager.m */,
				D5A446DF18E45B5200B95D22 /* UIImageView+AFNetworking.h */,
				D5A446E018E45B5200B95D22 /* UIImageView+AFNetworking.m */,
			);
			path = AFNetworking;
			sourceTree = "<group>";
		};
		D5A446E118E45B5200B95D22 /* cocoa */ = {
			isa = PBXGroup;
			children = (
				D5A446E218E45B5200B95D22 /* README */,
				D5A446E318E45B5200B95D22 /* src */,
			);
			path = cocoa;
			sourceTree = "<group>";
		};
		D5A446E318E45B5200B95D22 /* src */ = {
			isa = PBXGroup;
			children = (
				D5A446E418E45B5200B95D22 /* protocol */,
				D5A446F218E45B5200B95D22 /* server */,
				D5A446F518E45B5200B95D22 /* TApplicationException.h */,
				D5A446F618E45B5200B95D22 /* TApplicationException.m */,
				D5A446F718E45B5200B95D22 /* TException.h */,
				D5A446F818E45B5200B95D22 /* TException.m */,
				D5A446F918E45B5200B95D22 /* TObjective-C.h */,
				D5A446FA18E45B5200B95D22 /* TProcessor.h */,
				D5A446FB18E45B5200B95D22 /* TProcessorFactory.h */,
				D5A446FC18E45B5200B95D22 /* transport */,
				D5A4470C18E45B5200B95D22 /* TSharedProcessorFactory.h */,
				D5A4470D18E45B5200B95D22 /* TSharedProcessorFactory.m */,
			);
			path = src;
			sourceTree = "<group>";
		};
		D5A446E418E45B5200B95D22 /* protocol */ = {
			isa = PBXGroup;
			children = (
				D5A446E518E45B5200B95D22 /* TBase.h */,
				D5A446E618E45B5200B95D22 /* TBinaryProtocol.h */,
				D5A446E718E45B5200B95D22 /* TBinaryProtocol.m */,
				D5A446E818E45B5200B95D22 /* TMultiplexedProtocol.h */,
				D5A446E918E45B5200B95D22 /* TMultiplexedProtocol.m */,
				D5A446EA18E45B5200B95D22 /* TProtocol.h */,
				D5A446EB18E45B5200B95D22 /* TProtocolDecorator.h */,
				D5A446EC18E45B5200B95D22 /* TProtocolDecorator.m */,
				D5A446ED18E45B5200B95D22 /* TProtocolException.h */,
				D5A446EE18E45B5200B95D22 /* TProtocolException.m */,
				D5A446EF18E45B5200B95D22 /* TProtocolFactory.h */,
				D5A446F018E45B5200B95D22 /* TProtocolUtil.h */,
				D5A446F118E45B5200B95D22 /* TProtocolUtil.m */,
			);
			path = protocol;
			sourceTree = "<group>";
		};
		D5A446F218E45B5200B95D22 /* server */ = {
			isa = PBXGroup;
			children = (
				D5A446F318E45B5200B95D22 /* TSocketServer.h */,
				D5A446F418E45B5200B95D22 /* TSocketServer.m */,
			);
			path = server;
			sourceTree = "<group>";
		};
		D5A446FC18E45B5200B95D22 /* transport */ = {
			isa = PBXGroup;
			children = (
				D5A446FD18E45B5200B95D22 /* TFramedTransport.h */,
				D5A446FE18E45B5200B95D22 /* TFramedTransport.m */,
				D5A446FF18E45B5200B95D22 /* THTTPClient.h */,
				D5A4470018E45B5200B95D22 /* THTTPClient.m */,
				D5A4470118E45B5200B95D22 /* TMemoryBuffer.h */,
				D5A4470218E45B5200B95D22 /* TMemoryBuffer.m */,
				D5A4470318E45B5200B95D22 /* TNSFileHandleTransport.h */,
				D5A4470418E45B5200B95D22 /* TNSFileHandleTransport.m */,
				D5A4470518E45B5200B95D22 /* TNSStreamTransport.h */,
				D5A4470618E45B5200B95D22 /* TNSStreamTransport.m */,
				D5A4470718E45B5200B95D22 /* TSocketClient.h */,
				D5A4470818E45B5200B95D22 /* TSocketClient.m */,
				D5A4470918E45B5200B95D22 /* TTransport.h */,
				D5A4470A18E45B5200B95D22 /* TTransportException.h */,
				D5A4470B18E45B5200B95D22 /* TTransportException.m */,
			);
			path = transport;
			sourceTree = "<group>";
		};
		D5A4471018E45B5200B95D22 /* JSONKit */ = {
			isa = PBXGroup;
			children = (
				D5A4471118E45B5200B95D22 /* CHANGELOG.md */,
				D5A4471218E45B5200B95D22 /* JSONKit.h */,
				D5A4471318E45B5200B95D22 /* JSONKit.m */,
				D5A4471418E45B5200B95D22 /* README.md */,
			);
			path = JSONKit;
			sourceTree = "<group>";
		};
		D5A4471718E45B5300B95D22 /* UMImageView */ = {
			isa = PBXGroup;
			children = (
				D5A4471818E45B5300B95D22 /* UMCache.h */,
				D5A4471918E45B5300B95D22 /* UMCache.m */,
				D5A4471A18E45B5300B95D22 /* UMImageLoadConnection.h */,
				D5A4471B18E45B5300B95D22 /* UMImageLoadConnection.m */,
				D5A4471C18E45B5300B95D22 /* UMImageLoader.h */,
				D5A4471D18E45B5300B95D22 /* UMImageLoader.m */,
				D5A4471E18E45B5300B95D22 /* UMImageView.h */,
				D5A4471F18E45B5300B95D22 /* UMImageView.m */,
			);
			path = UMImageView;
			sourceTree = "<group>";
		};
		D5A4474718E45DB300B95D22 /* UI */ = {
			isa = PBXGroup;
			children = (
				D5A4474418E45DA600B95D22 /* AiPlayerViewController.h */,
				D5A4474518E45DA600B95D22 /* AiPlayerViewController.m */,
				D5A4464C18E2512800B95D22 /* AiFirstViewController.h */,
				D5A4464D18E2512800B95D22 /* AiFirstViewController.m */,
				D5A446C218E30F9100B95D22 /* AiGridView.h */,
				D5A446C318E30F9100B95D22 /* AiGridView.m */,
				D5A44A7818E673C800B95D22 /* AiSearchViewController.h */,
				D5A44A7918E673C800B95D22 /* AiSearchViewController.m */,
				D5A44A9318E6D4C300B95D22 /* AiHistoryViewController.h */,
				D5A44A9418E6D4C300B95D22 /* AiHistoryViewController.m */,
			);
			name = UI;
			sourceTree = "<group>";
		};
		D5A4474818E45E0100B95D22 /* Frameworks */ = {
			isa = PBXGroup;
			children = (
				D592FDE318E9AD910073656D /* SwipView */,
				D5A44A7B18E6BB0400B95D22 /* EGODatabase */,
				D5A44A5C18E66C4F00B95D22 /* MZFormSheetController */,
				D5A446CB18E45B5200B95D22 /* AFNetworking */,
				D5A446E118E45B5200B95D22 /* cocoa */,
				D5A4471018E45B5200B95D22 /* JSONKit */,
				D5A4471718E45B5300B95D22 /* UMImageView */,
			);
			name = Frameworks;
			sourceTree = "<group>";
		};
		D5A4474918E4632A00B95D22 /* Model */ = {
			isa = PBXGroup;
			children = (
				D5A446C518E3135000B95D22 /* AiVideoObject.h */,
				D5A446C618E3135000B95D22 /* AiVideoObject.m */,
				D5A4470E18E45B5200B95D22 /* AiThriftManager.h */,
				D5A4470F18E45B5200B95D22 /* AiThriftManager.m */,
				D5A4474B18E463EA00B95D22 /* AiDataRequestManager.h */,
				D5A4474C18E463EA00B95D22 /* AiDataRequestManager.m */,
				D5A44A8C18E6BC7200B95D22 /* AiDataBaseManager.h */,
				D5A44A8D18E6BC7200B95D22 /* AiDataBaseManager.m */,
				D5A44A9018E6CE2A00B95D22 /* AiVideoPlayerManager.h */,
				D5A44AB818E7174A00B95D22 /* AiVIdeoPlayerManager.m */,
			);
			name = Model;
			sourceTree = "<group>";
		};
		D5A44A5C18E66C4F00B95D22 /* MZFormSheetController */ = {
			isa = PBXGroup;
			children = (
				D5A44A7218E66CDC00B95D22 /* MZAppearance.h */,
				D5A44A7318E66CDC00B95D22 /* MZAppearance.m */,
				D5A44A7418E66CDC00B95D22 /* NSInvocation+Copy.h */,
				D5A44A7518E66CDC00B95D22 /* NSInvocation+Copy.m */,
				D5A44A5D18E66C4F00B95D22 /* MZFormSheetBackgroundWindow.h */,
				D5A44A5E18E66C4F00B95D22 /* MZFormSheetBackgroundWindow.m */,
				D5A44A5F18E66C4F00B95D22 /* MZFormSheetBackgroundWindowViewController.h */,
				D5A44A6018E66C4F00B95D22 /* MZFormSheetBackgroundWindowViewController.m */,
				D5A44A6118E66C4F00B95D22 /* MZFormSheetController.h */,
				D5A44A6218E66C4F00B95D22 /* MZFormSheetController.m */,
				D5A44A6318E66C4F00B95D22 /* MZFormSheetSegue.h */,
				D5A44A6418E66C4F00B95D22 /* MZFormSheetSegue.m */,
				D5A44A6518E66C4F00B95D22 /* MZTransition.h */,
				D5A44A6618E66C4F00B95D22 /* MZTransition.m */,
				D5A44A6718E66C4F00B95D22 /* UIImage+Additional.h */,
				D5A44A6818E66C4F00B95D22 /* UIImage+Additional.m */,
				D5A44A6918E66C4F00B95D22 /* UIViewController+TargetViewController.h */,
				D5A44A6A18E66C4F00B95D22 /* UIViewController+TargetViewController.m */,
			);
			path = MZFormSheetController;
			sourceTree = "<group>";
		};
		D5A44A7B18E6BB0400B95D22 /* EGODatabase */ = {
			isa = PBXGroup;
			children = (
				D5A44A7C18E6BB0400B95D22 /* EGODatabase.h */,
				D5A44A7D18E6BB0400B95D22 /* EGODatabase.m */,
				D5A44A7E18E6BB0400B95D22 /* EGODatabaseRequest.h */,
				D5A44A7F18E6BB0400B95D22 /* EGODatabaseRequest.m */,
				D5A44A8018E6BB0400B95D22 /* EGODatabaseResult.h */,
				D5A44A8118E6BB0400B95D22 /* EGODatabaseResult.m */,
				D5A44A8218E6BB0400B95D22 /* EGODatabaseResult_Internal.h */,
				D5A44A8318E6BB0400B95D22 /* EGODatabaseRow.h */,
				D5A44A8418E6BB0400B95D22 /* EGODatabaseRow.m */,
				D5A44A8518E6BB0400B95D22 /* EGODatabaseRow_Internal.h */,
			);
			path = EGODatabase;
			sourceTree = "<group>";
		};
		D5A44A9718E6F7A500B95D22 /* Images */ = {
			isa = PBXGroup;
			children = (
				D501800318FC23220069E681 /* 播放 */,
				D5CA6CCA18F9715C0020E01A /* searchField@2x.png */,
				D5CA6CCB18F9715C0020E01A /* searchIcon@2x.png */,
				D5CA6CC418F945E20020E01A /* panxie_select@2x.png */,
				D5CA6CC518F945E20020E01A /* wugui_select@2x.png */,
				D5CA6CC618F945E20020E01A /* xiaoyu_select@2x.png */,
				D5CA6CBE18F9344F0020E01A /* close@2x.png */,
				D5CA6CBF18F9344F0020E01A /* item_normal@2x.png */,
				D5CA6CC018F9344F0020E01A /* popup@2x.png */,
				D5A44AC418E8698700B95D22 /* hist_popup@2x.png */,
				D5A44AC518E8698700B95D22 /* search_bar_light@2x.png */,
				D5A44AC618E8698700B95D22 /* search_bar@2x.png */,
				D5A44AC718E8698700B95D22 /* search_popup@2x.png */,
				D5A44AC818E8698700B95D22 /* search_tool@2x.png */,
				D5A44AC918E8698700B95D22 /* setting_popup@2x.png */,
				D5A44ABA18E7FD9F00B95D22 /* blueArrow.png */,
				D5A44ABB18E7FD9F00B95D22 /* blueArrow@2x.png */,
				D5A44AB618E70E5700B95D22 /* fadajing@2x.png */,
				D5A44A9818E6F7A500B95D22 /* background@2x.png */,
				D5A44A9918E6F7A500B95D22 /* fengzheng@2x.png */,
				D5A44A9A18E6F7A500B95D22 /* haixing@2x.png */,
				D5A44A9B18E6F7A500B95D22 /* mifeng@2x.png */,
				D5A44A9C18E6F7A500B95D22 /* panxie@2x.png */,
				D5A44A9D18E6F7A500B95D22 /* shizhong@2x.png */,
				D5A44A9E18E6F7A500B95D22 /* shu@2x.png */,
				D5A44A9F18E6F7A500B95D22 /* sun@2x.png */,
				D5A44AA018E6F7A500B95D22 /* tizhi@2x.png */,
				D5A44AA118E6F7A500B95D22 /* wugui@2x.png */,
				D5A44AA318E6F7A500B95D22 /* xianhua@2x.png */,
				D5A44AA418E6F7A500B95D22 /* xiaohai@2x.png */,
				D5A44AA518E6F7A500B95D22 /* xiaoniao@2x.png */,
				D5A44AA618E6F7A500B95D22 /* xiaoyu@2x.png */,
			);
			name = Images;
			path = Resources/Images;
			sourceTree = "<group>";
		};
		D5A44ABE18E8088100B95D22 /* Controller */ = {
			isa = PBXGroup;
			children = (
				D5A44ABF18E808A600B95D22 /* AiGridViewController.h */,
				D5A44AC018E808A600B95D22 /* AiGridViewController.m */,
			);
			name = Controller;
			sourceTree = "<group>";
		};
/* End PBXGroup section */

/* Begin PBXNativeTarget section */
		D5A4463018E2512800B95D22 /* iBaby */ = {
			isa = PBXNativeTarget;
			buildConfigurationList = D5A4466618E2512800B95D22 /* Build configuration list for PBXNativeTarget "iBaby" */;
			buildPhases = (
				D5A4462D18E2512800B95D22 /* Sources */,
				D5A4462E18E2512800B95D22 /* Frameworks */,
				D5A4462F18E2512800B95D22 /* Resources */,
			);
			buildRules = (
			);
			dependencies = (
			);
			name = iBaby;
			productName = iBaby;
			productReference = D5A4463118E2512800B95D22 /* iBaby.app */;
			productType = "com.apple.product-type.application";
		};
		D5A4465418E2512800B95D22 /* iBabyTests */ = {
			isa = PBXNativeTarget;
			buildConfigurationList = D5A4466918E2512800B95D22 /* Build configuration list for PBXNativeTarget "iBabyTests" */;
			buildPhases = (
				D5A4465118E2512800B95D22 /* Sources */,
				D5A4465218E2512800B95D22 /* Frameworks */,
				D5A4465318E2512800B95D22 /* Resources */,
			);
			buildRules = (
			);
			dependencies = (
				D5A4465B18E2512800B95D22 /* PBXTargetDependency */,
			);
			name = iBabyTests;
			productName = iBabyTests;
			productReference = D5A4465518E2512800B95D22 /* iBabyTests.xctest */;
			productType = "com.apple.product-type.bundle.unit-test";
		};
/* End PBXNativeTarget section */

/* Begin PBXProject section */
		D5A4462918E2512800B95D22 /* Project object */ = {
			isa = PBXProject;
			attributes = {
				LastUpgradeCheck = 0510;
				ORGANIZATIONNAME = Ai;
				TargetAttributes = {
					D5A4465418E2512800B95D22 = {
						TestTargetID = D5A4463018E2512800B95D22;
					};
				};
			};
			buildConfigurationList = D5A4462C18E2512800B95D22 /* Build configuration list for PBXProject "iBaby" */;
			compatibilityVersion = "Xcode 3.2";
			developmentRegion = English;
			hasScannedForEncodings = 0;
			knownRegions = (
				en,
				Base,
			);
			mainGroup = D5A4462818E2512800B95D22;
			productRefGroup = D5A4463218E2512800B95D22 /* Products */;
			projectDirPath = "";
			projectRoot = "";
			targets = (
				D5A4463018E2512800B95D22 /* iBaby */,
				D5A4465418E2512800B95D22 /* iBabyTests */,
			);
		};
/* End PBXProject section */

/* Begin PBXResourcesBuildPhase section */
		D5A4462F18E2512800B95D22 /* Resources */ = {
			isa = PBXResourcesBuildPhase;
			buildActionMask = 2147483647;
			files = (
				D501801418FC23220069E681 /* pause@2x.png in Resources */,
				D501802018FC355F0069E681 /* like_select@2x.png in Resources */,
				D5A44ACC18E8698700B95D22 /* search_bar@2x.png in Resources */,
				D5A44ACE18E8698700B95D22 /* search_tool@2x.png in Resources */,
				D501800F18FC23220069E681 /* videos@2x.png in Resources */,
				D501802518FC38C40069E681 /* video_frame@2x.png in Resources */,
				D5A44ABD18E7FD9F00B95D22 /* blueArrow@2x.png in Resources */,
				D5A44A9618E6DEF800B95D22 /* database.db in Resources */,
				D5A44AB518E6F7A500B95D22 /* xiaoyu@2x.png in Resources */,
				D5A4472A18E45B5300B95D22 /* README in Resources */,
				D5A4464B18E2512800B95D22 /* Main_iPad.storyboard in Resources */,
				D5A44AA918E6F7A500B95D22 /* haixing@2x.png in Resources */,
				D5A44AAA18E6F7A500B95D22 /* mifeng@2x.png in Resources */,
				D501800218FC22BA0069E681 /* AiPlayerViewControl.xib in Resources */,
				D501802418FC38C40069E681 /* video_current@2x.png in Resources */,
				D5A44AAB18E6F7A500B95D22 /* panxie@2x.png in Resources */,
				D5A44AB318E6F7A500B95D22 /* xiaohai@2x.png in Resources */,
				D5A4465018E2512800B95D22 /* Images.xcassets in Resources */,
				D5A44ACF18E8698700B95D22 /* setting_popup@2x.png in Resources */,
				D5FCFEC8190222C900C28AC3 /* icon@2x.png in Resources */,
				D5A44AAD18E6F7A500B95D22 /* shu@2x.png in Resources */,
				D5A44AA818E6F7A500B95D22 /* fengzheng@2x.png in Resources */,
				D5A44ACD18E8698700B95D22 /* search_popup@2x.png in Resources */,
				D5A44ACA18E8698700B95D22 /* hist_popup@2x.png in Resources */,
				D5A44AAC18E6F7A500B95D22 /* shizhong@2x.png in Resources */,
				D5FCFEC419021DA100C28AC3 /* slider_background_min@2x.png in Resources */,
				D5A4464818E2512800B95D22 /* Main_iPhone.storyboard in Resources */,
				D5483C4218FD8FDD00D57A62 /* slider_background_max@2x.png in Resources */,
				D5A4463F18E2512800B95D22 /* InfoPlist.strings in Resources */,
				D5FCFEC7190222C900C28AC3 /* icon.png in Resources */,
				D5A44AAE18E6F7A500B95D22 /* sun@2x.png in Resources */,
				D5CA6CC918F945E20020E01A /* xiaoyu_select@2x.png in Resources */,
				D5CA6CC118F9344F0020E01A /* close@2x.png in Resources */,
				D501802118FC355F0069E681 /* like@2x.png in Resources */,
				D501801918FC23220069E681 /* player_bar@2x.png in Resources */,
				D5A4473C18E45B5300B95D22 /* CHANGELOG.md in Resources */,
				D501801318FC23220069E681 /* play@2x.png in Resources */,
				D5A4473E18E45B5300B95D22 /* README.md in Resources */,
				D5A44AA718E6F7A500B95D22 /* background@2x.png in Resources */,
				D501801618FC23220069E681 /* slider_point@2x.png in Resources */,
				D5A44AB218E6F7A500B95D22 /* xianhua@2x.png in Resources */,
				D5A44AB718E70E5700B95D22 /* fadajing@2x.png in Resources */,
				D5A446CA18E3A07E00B95D22 /* 20090706065940.gif in Resources */,
				D5A44AB418E6F7A500B95D22 /* xiaoniao@2x.png in Resources */,
				D501801818FC23220069E681 /* slider.png in Resources */,
				D5CA6CC718F945E20020E01A /* panxie_select@2x.png in Resources */,
				D501801118FC23220069E681 /* videoList_background@2x.png in Resources */,
				D5CA6CCC18F9715C0020E01A /* searchField@2x.png in Resources */,
				D5A44ABC18E7FD9F00B95D22 /* blueArrow.png in Resources */,
				D5CA6CC818F945E20020E01A /* wugui_select@2x.png in Resources */,
				D5A44ACB18E8698700B95D22 /* search_bar_light@2x.png in Resources */,
				D5A44AAF18E6F7A500B95D22 /* tizhi@2x.png in Resources */,
				D5CA6CC318F9344F0020E01A /* popup@2x.png in Resources */,
				D501801218FC23220069E681 /* player_tabbar@2x.png in Resources */,
				D501801518FC23220069E681 /* back@2x.png in Resources */,
				D5CA6CCD18F9715C0020E01A /* searchIcon@2x.png in Resources */,
				D5A44AB018E6F7A500B95D22 /* wugui@2x.png in Resources */,
				D501801018FC23220069E681 /* videos_select@2x.png in Resources */,
				D5CA6CC218F9344F0020E01A /* item_normal@2x.png in Resources */,
			);
			runOnlyForDeploymentPostprocessing = 0;
		};
		D5A4465318E2512800B95D22 /* Resources */ = {
			isa = PBXResourcesBuildPhase;
			buildActionMask = 2147483647;
			files = (
				D5A4466118E2512800B95D22 /* InfoPlist.strings in Resources */,
			);
			runOnlyForDeploymentPostprocessing = 0;
		};
/* End PBXResourcesBuildPhase section */

/* Begin PBXSourcesBuildPhase section */
		D5A4462D18E2512800B95D22 /* Sources */ = {
			isa = PBXSourcesBuildPhase;
			buildActionMask = 2147483647;
			files = (
				D5A44A7618E66CDC00B95D22 /* MZAppearance.m in Sources */,
				D5A4472518E45B5300B95D22 /* AFURLConnectionOperation.m in Sources */,
				D5A4473418E45B5300B95D22 /* THTTPClient.m in Sources */,
				D5A4474318E45B5300B95D22 /* UMImageView.m in Sources */,
				D5A4473118E45B5300B95D22 /* TApplicationException.m in Sources */,
				D5A4473618E45B5300B95D22 /* TNSFileHandleTransport.m in Sources */,
				D5A4472918E45B5300B95D22 /* UIImageView+AFNetworking.m in Sources */,
				D5A44A8918E6BB0400B95D22 /* EGODatabaseRow.m in Sources */,
				D5A4473A18E45B5300B95D22 /* TSharedProcessorFactory.m in Sources */,
				D5A44A7A18E673C800B95D22 /* AiSearchViewController.m in Sources */,
				D5A4473718E45B5300B95D22 /* TNSStreamTransport.m in Sources */,
				D5A44A6B18E66C4F00B95D22 /* MZFormSheetBackgroundWindow.m in Sources */,
				D5A4474018E45B5300B95D22 /* UMCache.m in Sources */,
				D5A4474D18E463EA00B95D22 /* AiDataRequestManager.m in Sources */,
				D5A4473218E45B5300B95D22 /* TException.m in Sources */,
				D5A4473018E45B5300B95D22 /* TSocketServer.m in Sources */,
				D5A4473B18E45B5300B95D22 /* AiThriftManager.m in Sources */,
				D5A4474118E45B5300B95D22 /* UMImageLoadConnection.m in Sources */,
				D5A44A6C18E66C4F00B95D22 /* MZFormSheetBackgroundWindowViewController.m in Sources */,
				D5A4473F18E45B5300B95D22 /* shy_client_server.m in Sources */,
				D5A44A6D18E66C4F00B95D22 /* MZFormSheetController.m in Sources */,
				D5A4472D18E45B5300B95D22 /* TProtocolDecorator.m in Sources */,
				D5A4472018E45B5300B95D22 /* AFHTTPRequestOperation.m in Sources */,
				D5A44A8E18E6BC7200B95D22 /* AiDataBaseManager.m in Sources */,
				D5A4472318E45B5300B95D22 /* AFNetworkReachabilityManager.m in Sources */,
				D5A4473518E45B5300B95D22 /* TMemoryBuffer.m in Sources */,
				D5A4472818E45B5300B95D22 /* AFURLSessionManager.m in Sources */,
				D5A4472618E45B5300B95D22 /* AFURLRequestSerialization.m in Sources */,
				D5A44A8818E6BB0400B95D22 /* EGODatabaseResult.m in Sources */,
				D5A4474618E45DA600B95D22 /* AiPlayerViewController.m in Sources */,
				D5A4473918E45B5300B95D22 /* TTransportException.m in Sources */,
				D5A4464E18E2512800B95D22 /* AiFirstViewController.m in Sources */,
				D5A4472B18E45B5300B95D22 /* TBinaryProtocol.m in Sources */,
				D5A44A6F18E66C4F00B95D22 /* MZTransition.m in Sources */,
				D5A44AB918E7174A00B95D22 /* AiVIdeoPlayerManager.m in Sources */,
				D5A4472718E45B5300B95D22 /* AFURLResponseSerialization.m in Sources */,
				D5A4473318E45B5300B95D22 /* TFramedTransport.m in Sources */,
				D5A44A6E18E66C4F00B95D22 /* MZFormSheetSegue.m in Sources */,
				D592FDE618E9AD910073656D /* SwipeView.m in Sources */,
				D5A4472F18E45B5300B95D22 /* TProtocolUtil.m in Sources */,
				D5A44A7718E66CDC00B95D22 /* NSInvocation+Copy.m in Sources */,
				D5A44AC118E808A600B95D22 /* AiGridViewController.m in Sources */,
				D5A446C718E3135000B95D22 /* AiVideoObject.m in Sources */,
				D5A4464518E2512800B95D22 /* AppDelegate.m in Sources */,
				D5A44A9518E6D4C300B95D22 /* AiHistoryViewController.m in Sources */,
				D5A4472118E45B5300B95D22 /* AFHTTPRequestOperationManager.m in Sources */,
				D5A44A7018E66C4F00B95D22 /* UIImage+Additional.m in Sources */,
				D5A44A8718E6BB0400B95D22 /* EGODatabaseRequest.m in Sources */,
				D5A44A7118E66C4F00B95D22 /* UIViewController+TargetViewController.m in Sources */,
				D5A4472C18E45B5300B95D22 /* TMultiplexedProtocol.m in Sources */,
				D5A4472418E45B5300B95D22 /* AFSecurityPolicy.m in Sources */,
				D5A4474218E45B5300B95D22 /* UMImageLoader.m in Sources */,
				D5A446C418E30F9100B95D22 /* AiGridView.m in Sources */,
				D5A4464118E2512800B95D22 /* main.m in Sources */,
				D5A4472E18E45B5300B95D22 /* TProtocolException.m in Sources */,
				D5A4473818E45B5300B95D22 /* TSocketClient.m in Sources */,
				D5A44A8618E6BB0400B95D22 /* EGODatabase.m in Sources */,
				D5A4472218E45B5300B95D22 /* AFHTTPSessionManager.m in Sources */,
				D5A4473D18E45B5300B95D22 /* JSONKit.m in Sources */,
			);
			runOnlyForDeploymentPostprocessing = 0;
		};
		D5A4465118E2512800B95D22 /* Sources */ = {
			isa = PBXSourcesBuildPhase;
			buildActionMask = 2147483647;
			files = (
				D5A4466318E2512800B95D22 /* iBabyTests.m in Sources */,
			);
			runOnlyForDeploymentPostprocessing = 0;
		};
/* End PBXSourcesBuildPhase section */

/* Begin PBXTargetDependency section */
		D5A4465B18E2512800B95D22 /* PBXTargetDependency */ = {
			isa = PBXTargetDependency;
			target = D5A4463018E2512800B95D22 /* iBaby */;
			targetProxy = D5A4465A18E2512800B95D22 /* PBXContainerItemProxy */;
		};
/* End PBXTargetDependency section */

/* Begin PBXVariantGroup section */
		D5A4463D18E2512800B95D22 /* InfoPlist.strings */ = {
			isa = PBXVariantGroup;
			children = (
				D5A4463E18E2512800B95D22 /* en */,
			);
			name = InfoPlist.strings;
			sourceTree = "<group>";
		};
		D5A4464618E2512800B95D22 /* Main_iPhone.storyboard */ = {
			isa = PBXVariantGroup;
			children = (
				D5A4464718E2512800B95D22 /* Base */,
			);
			name = Main_iPhone.storyboard;
			sourceTree = "<group>";
		};
		D5A4464918E2512800B95D22 /* Main_iPad.storyboard */ = {
			isa = PBXVariantGroup;
			children = (
				D5A4464A18E2512800B95D22 /* Base */,
			);
			name = Main_iPad.storyboard;
			sourceTree = "<group>";
		};
		D5A4465F18E2512800B95D22 /* InfoPlist.strings */ = {
			isa = PBXVariantGroup;
			children = (
				D5A4466018E2512800B95D22 /* en */,
			);
			name = InfoPlist.strings;
			sourceTree = "<group>";
		};
/* End PBXVariantGroup section */

/* Begin XCBuildConfiguration section */
		D5A4466418E2512800B95D22 /* Debug */ = {
			isa = XCBuildConfiguration;
			buildSettings = {
				ALWAYS_SEARCH_USER_PATHS = NO;
				CLANG_CXX_LANGUAGE_STANDARD = "gnu++0x";
				CLANG_CXX_LIBRARY = "libc++";
				CLANG_ENABLE_MODULES = YES;
				CLANG_ENABLE_OBJC_ARC = YES;
				CLANG_WARN_BOOL_CONVERSION = YES;
				CLANG_WARN_CONSTANT_CONVERSION = YES;
				CLANG_WARN_DIRECT_OBJC_ISA_USAGE = YES_ERROR;
				CLANG_WARN_EMPTY_BODY = YES;
				CLANG_WARN_ENUM_CONVERSION = YES;
				CLANG_WARN_INT_CONVERSION = YES;
				CLANG_WARN_OBJC_ROOT_CLASS = YES_ERROR;
				CLANG_WARN__DUPLICATE_METHOD_MATCH = YES;
				"CODE_SIGN_IDENTITY[sdk=iphoneos*]" = "iPhone Developer";
				COPY_PHASE_STRIP = NO;
				GCC_C_LANGUAGE_STANDARD = gnu99;
				GCC_DYNAMIC_NO_PIC = NO;
				GCC_OPTIMIZATION_LEVEL = 0;
				GCC_PREPROCESSOR_DEFINITIONS = (
					"DEBUG=1",
					"$(inherited)",
				);
				GCC_SYMBOLS_PRIVATE_EXTERN = NO;
				GCC_WARN_64_TO_32_BIT_CONVERSION = YES;
				GCC_WARN_ABOUT_RETURN_TYPE = YES_ERROR;
				GCC_WARN_UNDECLARED_SELECTOR = YES;
				GCC_WARN_UNINITIALIZED_AUTOS = YES_AGGRESSIVE;
				GCC_WARN_UNUSED_FUNCTION = YES;
				GCC_WARN_UNUSED_VARIABLE = YES;
				IPHONEOS_DEPLOYMENT_TARGET = 4.3;
				ONLY_ACTIVE_ARCH = YES;
				SDKROOT = iphoneos;
				TARGETED_DEVICE_FAMILY = "1,2";
			};
			name = Debug;
		};
		D5A4466518E2512800B95D22 /* Release */ = {
			isa = XCBuildConfiguration;
			buildSettings = {
				ALWAYS_SEARCH_USER_PATHS = NO;
				CLANG_CXX_LANGUAGE_STANDARD = "gnu++0x";
				CLANG_CXX_LIBRARY = "libc++";
				CLANG_ENABLE_MODULES = YES;
				CLANG_ENABLE_OBJC_ARC = YES;
				CLANG_WARN_BOOL_CONVERSION = YES;
				CLANG_WARN_CONSTANT_CONVERSION = YES;
				CLANG_WARN_DIRECT_OBJC_ISA_USAGE = YES_ERROR;
				CLANG_WARN_EMPTY_BODY = YES;
				CLANG_WARN_ENUM_CONVERSION = YES;
				CLANG_WARN_INT_CONVERSION = YES;
				CLANG_WARN_OBJC_ROOT_CLASS = YES_ERROR;
				CLANG_WARN__DUPLICATE_METHOD_MATCH = YES;
				"CODE_SIGN_IDENTITY[sdk=iphoneos*]" = "iPhone Developer";
				COPY_PHASE_STRIP = YES;
				ENABLE_NS_ASSERTIONS = NO;
				GCC_C_LANGUAGE_STANDARD = gnu99;
				GCC_WARN_64_TO_32_BIT_CONVERSION = YES;
				GCC_WARN_ABOUT_RETURN_TYPE = YES_ERROR;
				GCC_WARN_UNDECLARED_SELECTOR = YES;
				GCC_WARN_UNINITIALIZED_AUTOS = YES_AGGRESSIVE;
				GCC_WARN_UNUSED_FUNCTION = YES;
				GCC_WARN_UNUSED_VARIABLE = YES;
				IPHONEOS_DEPLOYMENT_TARGET = 4.3;
				SDKROOT = iphoneos;
				TARGETED_DEVICE_FAMILY = "1,2";
				VALIDATE_PRODUCT = YES;
			};
			name = Release;
		};
		D5A4466718E2512800B95D22 /* Debug */ = {
			isa = XCBuildConfiguration;
			buildSettings = {
				ASSETCATALOG_COMPILER_APPICON_NAME = AppIcon;
				ASSETCATALOG_COMPILER_LAUNCHIMAGE_NAME = LaunchImage;
				GCC_PRECOMPILE_PREFIX_HEADER = YES;
				GCC_PREFIX_HEADER = "iBaby/iBaby-Prefix.pch";
				INFOPLIST_FILE = "iBaby/iBaby-Info.plist";
				IPHONEOS_DEPLOYMENT_TARGET = 6.0;
				PRODUCT_NAME = "$(TARGET_NAME)";
				WRAPPER_EXTENSION = app;
			};
			name = Debug;
		};
		D5A4466818E2512800B95D22 /* Release */ = {
			isa = XCBuildConfiguration;
			buildSettings = {
				ASSETCATALOG_COMPILER_APPICON_NAME = AppIcon;
				ASSETCATALOG_COMPILER_LAUNCHIMAGE_NAME = LaunchImage;
				GCC_PRECOMPILE_PREFIX_HEADER = YES;
				GCC_PREFIX_HEADER = "iBaby/iBaby-Prefix.pch";
				INFOPLIST_FILE = "iBaby/iBaby-Info.plist";
				IPHONEOS_DEPLOYMENT_TARGET = 6.0;
				PRODUCT_NAME = "$(TARGET_NAME)";
				WRAPPER_EXTENSION = app;
			};
			name = Release;
		};
		D5A4466A18E2512800B95D22 /* Debug */ = {
			isa = XCBuildConfiguration;
			buildSettings = {
				BUNDLE_LOADER = "$(BUILT_PRODUCTS_DIR)/iBaby.app/iBaby";
				FRAMEWORK_SEARCH_PATHS = (
					"$(SDKROOT)/Developer/Library/Frameworks",
					"$(inherited)",
					"$(DEVELOPER_FRAMEWORKS_DIR)",
				);
				GCC_PRECOMPILE_PREFIX_HEADER = YES;
				GCC_PREFIX_HEADER = "iBaby/iBaby-Prefix.pch";
				GCC_PREPROCESSOR_DEFINITIONS = (
					"DEBUG=1",
					"$(inherited)",
				);
				INFOPLIST_FILE = "iBabyTests/iBabyTests-Info.plist";
				PRODUCT_NAME = "$(TARGET_NAME)";
				TEST_HOST = "$(BUNDLE_LOADER)";
				WRAPPER_EXTENSION = xctest;
			};
			name = Debug;
		};
		D5A4466B18E2512800B95D22 /* Release */ = {
			isa = XCBuildConfiguration;
			buildSettings = {
				BUNDLE_LOADER = "$(BUILT_PRODUCTS_DIR)/iBaby.app/iBaby";
				FRAMEWORK_SEARCH_PATHS = (
					"$(SDKROOT)/Developer/Library/Frameworks",
					"$(inherited)",
					"$(DEVELOPER_FRAMEWORKS_DIR)",
				);
				GCC_PRECOMPILE_PREFIX_HEADER = YES;
				GCC_PREFIX_HEADER = "iBaby/iBaby-Prefix.pch";
				INFOPLIST_FILE = "iBabyTests/iBabyTests-Info.plist";
				PRODUCT_NAME = "$(TARGET_NAME)";
				TEST_HOST = "$(BUNDLE_LOADER)";
				WRAPPER_EXTENSION = xctest;
			};
			name = Release;
		};
/* End XCBuildConfiguration section */

/* Begin XCConfigurationList section */
		D5A4462C18E2512800B95D22 /* Build configuration list for PBXProject "iBaby" */ = {
			isa = XCConfigurationList;
			buildConfigurations = (
				D5A4466418E2512800B95D22 /* Debug */,
				D5A4466518E2512800B95D22 /* Release */,
			);
			defaultConfigurationIsVisible = 0;
			defaultConfigurationName = Release;
		};
		D5A4466618E2512800B95D22 /* Build configuration list for PBXNativeTarget "iBaby" */ = {
			isa = XCConfigurationList;
			buildConfigurations = (
				D5A4466718E2512800B95D22 /* Debug */,
				D5A4466818E2512800B95D22 /* Release */,
			);
			defaultConfigurationIsVisible = 0;
			defaultConfigurationName = Release;
		};
		D5A4466918E2512800B95D22 /* Build configuration list for PBXNativeTarget "iBabyTests" */ = {
			isa = XCConfigurationList;
			buildConfigurations = (
				D5A4466A18E2512800B95D22 /* Debug */,
				D5A4466B18E2512800B95D22 /* Release */,
			);
			defaultConfigurationIsVisible = 0;
			defaultConfigurationName = Release;
		};
/* End XCConfigurationList section */
	};
	rootObject = D5A4462918E2512800B95D22 /* Project object */;
}
